
Microsoft Visual Studio Solution File, Format Version 12.00
# Visual Studio Version 16
VisualStudioVersion = 16.0.30907.101
MinimumVisualStudioVersion = 10.0.40219.1
Project("{9A19103F-16F7-4668-BE54-9A1E7A4F7556}") = "Orange.Win.GUI", "..\..\..\\Orange\Orange.GUI\Orange.Win.GUI.csproj", "{54FBF6EF-6446-4CAF-831B-C94570220659}"
EndProject
Project("{9A19103F-16F7-4668-BE54-9A1E7A4F7556}") = "CitrusPlugin.Win", "CitrusPlugin.Win.csproj", "{928B1B6F-69F5-420A-A4E5-DEF6F596B800}"
	ProjectSection(ProjectDependencies) = postProject
		{6E68BE39-6EB4-4947-B57B-921214F7469C} = {6E68BE39-6EB4-4947-B57B-921214F7469C}
		{94F44956-D5E2-4B65-85C0-C61A7AB2E305} = {94F44956-D5E2-4B65-85C0-C61A7AB2E305}
		{0C56EE69-41A5-4255-B2BE-6C5728566381} = {0C56EE69-41A5-4255-B2BE-6C5728566381}
		{8F7F90F2-199C-40F6-90DC-4135E2E424AE} = {8F7F90F2-199C-40F6-90DC-4135E2E424AE}
	EndProjectSection
EndProject
Project("{9A19103F-16F7-4668-BE54-9A1E7A4F7556}") = "Yuzu", "..\..\..\\Yuzu\Yuzu.csproj", "{6E68BE39-6EB4-4947-B57B-921214F7469C}"
EndProject
Project("{9A19103F-16F7-4668-BE54-9A1E7A4F7556}") = "Orange.Win", "..\..\..\\Orange\Orange.Win.csproj", "{94F44956-D5E2-4B65-85C0-C61A7AB2E305}"
EndProject
Project("{9A19103F-16F7-4668-BE54-9A1E7A4F7556}") = "Lime.Win", "..\..\..\\Lime\Lime.Win.csproj", "{0C56EE69-41A5-4255-B2BE-6C5728566381}"
EndProject
Project("{9A19103F-16F7-4668-BE54-9A1E7A4F7556}") = "Lemon.Win", "..\..\..\\Lemon\Lemon.Win.csproj", "{8F7F90F2-199C-40F6-90DC-4135E2E424AE}"
EndProject
Project("{9A19103F-16F7-4668-BE54-9A1E7A4F7556}") = "DynamicFont.Win", "..\..\..\\Lime\Extensions\DynamicFont\DynamicFont.Win.csproj", "{A537CE39-6913-489F-94F4-29F06A7C2A01}"
EndProject
Project("{9A19103F-16F7-4668-BE54-9A1E7A4F7556}") = "Kumquat.Win", "..\..\..\\Kumquat\Kumquat.Win.csproj", "{FEE92F84-DB65-4B3E-96E5-74C03C2D2954}"
EndProject
Project("{9A19103F-16F7-4668-BE54-9A1E7A4F7556}") = "Match3.Types.Win", "..\Match3.Types\Match3.Types.Win.csproj", "{7AC11A3D-15FD-4A04-A705-AAC440D4CDD7}"
EndProject
Project("{9A19103F-16F7-4668-BE54-9A1E7A4F7556}") = "Tangerine.Core.Win", "..\..\..\\Tangerine\Tangerine.Core\Tangerine.Core.Win.csproj", "{3321B9AF-55AC-4F94-88A8-25E069E2A0A4}"
EndProject
Project("{9A19103F-16F7-4668-BE54-9A1E7A4F7556}") = "Tangerine.UI.Timeline.Win", "..\..\..\\Tangerine\Tangerine.UI.Timeline\Tangerine.UI.Timeline.Win.csproj", "{9E20CA52-7282-4BBE-9FDF-AC6FC772DE50}"
EndProject
Project("{9A19103F-16F7-4668-BE54-9A1E7A4F7556}") = "Tangerine.Common.Win", "..\..\..\\Tangerine\Tangerine.Common\Tangerine.Common.Win.csproj", "{69932209-176B-4B24-8D34-4E8E5170A425}"
EndProject
Project("{9A19103F-16F7-4668-BE54-9A1E7A4F7556}") = "Tangerine.Win", "..\..\..\\Tangerine\Tangerine\Tangerine.Win.csproj", "{2ACE9109-7E7D-4C9B-A298-62A03EB233C6}"
EndProject
Project("{9A19103F-16F7-4668-BE54-9A1E7A4F7556}") = "Tangerine.UI.Win", "..\..\..\\Tangerine\Tangerine.UI\Tangerine.UI.Win.csproj", "{C7B8F66A-B5A4-4F28-8583-001B58CF3EBD}"
EndProject
Project("{9A19103F-16F7-4668-BE54-9A1E7A4F7556}") = "Tangerine.UI.AnimeshEditor.Win", "..\..\..\\Tangerine\Tangerine.UI.AnimeshEditor\Tangerine.UI.AnimeshEditor.Win.csproj", "{D352E90B-E091-469E-8180-B04C68BD0D48}"
EndProject
Project("{9A19103F-16F7-4668-BE54-9A1E7A4F7556}") = "Tangerine.UI.FilesystemView.Win", "..\..\..\\Tangerine\Tangerine.UI.FilesystemView\Tangerine.UI.FilesystemView.Win.csproj", "{6A747ACF-E5AB-46B5-BE3C-F6EE9788072A}"
EndProject
Project("{9A19103F-16F7-4668-BE54-9A1E7A4F7556}") = "Tangerine.UI.Inspector.Win", "..\..\..\\Tangerine\Tangerine.UI.Inspector\Tangerine.UI.Inspector.Win.csproj", "{382F7C88-8541-4AB0-A325-F082CB3EE094}"
EndProject
Project("{9A19103F-16F7-4668-BE54-9A1E7A4F7556}") = "Tangerine.UI.Profiler.Win", "..\..\..\\Tangerine\Tangerine.UI.Profiler\Tangerine.UI.Profiler.Win.csproj", "{7F861286-D4E5-4C2D-93E9-A99D3A4EF113}"
EndProject
Project("{9A19103F-16F7-4668-BE54-9A1E7A4F7556}") = "Tangerine.UI.RemoteScripting.Win", "..\..\..\\Tangerine\Tangerine.UI.RemoteScripting\Tangerine.UI.RemoteScripting.Win.csproj", "{2A318FC3-7D70-4144-9882-099F282DB78E}"
EndProject
Project("{9A19103F-16F7-4668-BE54-9A1E7A4F7556}") = "Tangerine.UI.SceneView.Win", "..\..\..\\Tangerine\Tangerine.UI.SceneView\Tangerine.UI.SceneView.Win.csproj", "{BE27B2A5-1892-4E5F-A9DF-1A4D661D9B08}"
EndProject
Global
	GlobalSection(SolutionConfigurationPlatforms) = preSolution
		Develop.Orange.Debug|Any CPU = Develop.Orange.Debug|Any CPU
		Develop.Orange.Release|Any CPU = Develop.Orange.Release|Any CPU
		Develop.Tangerine.Debug|Any CPU = Develop.Tangerine.Debug|Any CPU
		Develop.Tangerine.Release|Any CPU = Develop.Tangerine.Release|Any CPU
		Orange.Debug|Any CPU = Orange.Debug|Any CPU
		Orange.Release|Any CPU = Orange.Release|Any CPU
		Tangerine.Debug|Any CPU = Tangerine.Debug|Any CPU
		Tangerine.Release|Any CPU = Tangerine.Release|Any CPU
	EndGlobalSection
	GlobalSection(ProjectConfigurationPlatforms) = postSolution
		{54FBF6EF-6446-4CAF-831B-C94570220659}.Develop.Orange.Debug|Any CPU.ActiveCfg = Debug|Any CPU
		{54FBF6EF-6446-4CAF-831B-C94570220659}.Develop.Orange.Debug|Any CPU.Build.0 = Debug|Any CPU
		{54FBF6EF-6446-4CAF-831B-C94570220659}.Develop.Orange.Release|Any CPU.ActiveCfg = Release|Any CPU
		{54FBF6EF-6446-4CAF-831B-C94570220659}.Develop.Orange.Release|Any CPU.Build.0 = Release|Any CPU
		{54FBF6EF-6446-4CAF-831B-C94570220659}.Develop.Tangerine.Debug|Any CPU.ActiveCfg = Debug|Any CPU
		{54FBF6EF-6446-4CAF-831B-C94570220659}.Develop.Tangerine.Release|Any CPU.ActiveCfg = Release|Any CPU
		{54FBF6EF-6446-4CAF-831B-C94570220659}.Orange.Debug|Any CPU.ActiveCfg = Debug|Any CPU
		{54FBF6EF-6446-4CAF-831B-C94570220659}.Orange.Release|Any CPU.ActiveCfg = Release|Any CPU
		{54FBF6EF-6446-4CAF-831B-C94570220659}.Tangerine.Debug|Any CPU.ActiveCfg = Debug|Any CPU
		{54FBF6EF-6446-4CAF-831B-C94570220659}.Tangerine.Release|Any CPU.ActiveCfg = Release|Any CPU
		{928B1B6F-69F5-420A-A4E5-DEF6F596B800}.Develop.Orange.Debug|Any CPU.ActiveCfg = Orange.Debug|Any CPU
		{928B1B6F-69F5-420A-A4E5-DEF6F596B800}.Develop.Orange.Debug|Any CPU.Build.0 = Orange.Debug|Any CPU
		{928B1B6F-69F5-420A-A4E5-DEF6F596B800}.Develop.Orange.Release|Any CPU.ActiveCfg = Orange.Release|Any CPU
		{928B1B6F-69F5-420A-A4E5-DEF6F596B800}.Develop.Orange.Release|Any CPU.Build.0 = Orange.Release|Any CPU
		{928B1B6F-69F5-420A-A4E5-DEF6F596B800}.Develop.Tangerine.Debug|Any CPU.ActiveCfg = Tangerine.Debug|Any CPU
		{928B1B6F-69F5-420A-A4E5-DEF6F596B800}.Develop.Tangerine.Debug|Any CPU.Build.0 = Tangerine.Debug|Any CPU
		{928B1B6F-69F5-420A-A4E5-DEF6F596B800}.Develop.Tangerine.Release|Any CPU.ActiveCfg = Tangerine.Release|Any CPU
		{928B1B6F-69F5-420A-A4E5-DEF6F596B800}.Develop.Tangerine.Release|Any CPU.Build.0 = Tangerine.Release|Any CPU
		{928B1B6F-69F5-420A-A4E5-DEF6F596B800}.Orange.Debug|Any CPU.ActiveCfg = Orange.Debug|Any CPU
		{928B1B6F-69F5-420A-A4E5-DEF6F596B800}.Orange.Debug|Any CPU.Build.0 = Orange.Debug|Any CPU
		{928B1B6F-69F5-420A-A4E5-DEF6F596B800}.Orange.Release|Any CPU.ActiveCfg = Orange.Release|Any CPU
		{928B1B6F-69F5-420A-A4E5-DEF6F596B800}.Orange.Release|Any CPU.Build.0 = Orange.Release|Any CPU
		{928B1B6F-69F5-420A-A4E5-DEF6F596B800}.Tangerine.Debug|Any CPU.ActiveCfg = Tangerine.Debug|Any CPU
		{928B1B6F-69F5-420A-A4E5-DEF6F596B800}.Tangerine.Debug|Any CPU.Build.0 = Tangerine.Debug|Any CPU
		{928B1B6F-69F5-420A-A4E5-DEF6F596B800}.Tangerine.Release|Any CPU.ActiveCfg = Tangerine.Release|Any CPU
		{928B1B6F-69F5-420A-A4E5-DEF6F596B800}.Tangerine.Release|Any CPU.Build.0 = Tangerine.Release|Any CPU
		{6E68BE39-6EB4-4947-B57B-921214F7469C}.Develop.Orange.Debug|Any CPU.ActiveCfg = Debug|Any CPU
		{6E68BE39-6EB4-4947-B57B-921214F7469C}.Develop.Orange.Debug|Any CPU.Build.0 = Debug|Any CPU
		{6E68BE39-6EB4-4947-B57B-921214F7469C}.Develop.Orange.Release|Any CPU.ActiveCfg = Release|Any CPU
		{6E68BE39-6EB4-4947-B57B-921214F7469C}.Develop.Orange.Release|Any CPU.Build.0 = Release|Any CPU
		{6E68BE39-6EB4-4947-B57B-921214F7469C}.Develop.Tangerine.Debug|Any CPU.ActiveCfg = Debug|Any CPU
		{6E68BE39-6EB4-4947-B57B-921214F7469C}.Develop.Tangerine.Debug|Any CPU.Build.0 = Debug|Any CPU
		{6E68BE39-6EB4-4947-B57B-921214F7469C}.Develop.Tangerine.Release|Any CPU.ActiveCfg = Release|Any CPU
		{6E68BE39-6EB4-4947-B57B-921214F7469C}.Develop.Tangerine.Release|Any CPU.Build.0 = Release|Any CPU
		{6E68BE39-6EB4-4947-B57B-921214F7469C}.Orange.Debug|Any CPU.ActiveCfg = Debug|Any CPU
		{6E68BE39-6EB4-4947-B57B-921214F7469C}.Orange.Debug|Any CPU.Build.0 = Debug|Any CPU
		{6E68BE39-6EB4-4947-B57B-921214F7469C}.Orange.Release|Any CPU.ActiveCfg = Release|Any CPU
		{6E68BE39-6EB4-4947-B57B-921214F7469C}.Orange.Release|Any CPU.Build.0 = Release|Any CPU
		{6E68BE39-6EB4-4947-B57B-921214F7469C}.Tangerine.Debug|Any CPU.ActiveCfg = Debug|Any CPU
		{6E68BE39-6EB4-4947-B57B-921214F7469C}.Tangerine.Debug|Any CPU.Build.0 = Debug|Any CPU
		{6E68BE39-6EB4-4947-B57B-921214F7469C}.Tangerine.Release|Any CPU.ActiveCfg = Release|Any CPU
		{6E68BE39-6EB4-4947-B57B-921214F7469C}.Tangerine.Release|Any CPU.Build.0 = Release|Any CPU
		{94F44956-D5E2-4B65-85C0-C61A7AB2E305}.Develop.Orange.Debug|Any CPU.ActiveCfg = Debug|Any CPU
		{94F44956-D5E2-4B65-85C0-C61A7AB2E305}.Develop.Orange.Debug|Any CPU.Build.0 = Debug|Any CPU
		{94F44956-D5E2-4B65-85C0-C61A7AB2E305}.Develop.Orange.Release|Any CPU.ActiveCfg = Release|Any CPU
		{94F44956-D5E2-4B65-85C0-C61A7AB2E305}.Develop.Orange.Release|Any CPU.Build.0 = Release|Any CPU
		{94F44956-D5E2-4B65-85C0-C61A7AB2E305}.Develop.Tangerine.Debug|Any CPU.ActiveCfg = Tangerine.Debug|Any CPU
		{94F44956-D5E2-4B65-85C0-C61A7AB2E305}.Develop.Tangerine.Debug|Any CPU.Build.0 = Tangerine.Debug|Any CPU
		{94F44956-D5E2-4B65-85C0-C61A7AB2E305}.Develop.Tangerine.Release|Any CPU.ActiveCfg = Tangerine.Release|Any CPU
		{94F44956-D5E2-4B65-85C0-C61A7AB2E305}.Develop.Tangerine.Release|Any CPU.Build.0 = Tangerine.Release|Any CPU
		{94F44956-D5E2-4B65-85C0-C61A7AB2E305}.Orange.Debug|Any CPU.ActiveCfg = Debug|Any CPU
		{94F44956-D5E2-4B65-85C0-C61A7AB2E305}.Orange.Debug|Any CPU.Build.0 = Debug|Any CPU
		{94F44956-D5E2-4B65-85C0-C61A7AB2E305}.Orange.Release|Any CPU.ActiveCfg = Release|Any CPU
		{94F44956-D5E2-4B65-85C0-C61A7AB2E305}.Orange.Release|Any CPU.Build.0 = Release|Any CPU
		{94F44956-D5E2-4B65-85C0-C61A7AB2E305}.Tangerine.Debug|Any CPU.ActiveCfg = Tangerine.Debug|Any CPU
		{94F44956-D5E2-4B65-85C0-C61A7AB2E305}.Tangerine.Debug|Any CPU.Build.0 = Tangerine.Debug|Any CPU
		{94F44956-D5E2-4B65-85C0-C61A7AB2E305}.Tangerine.Release|Any CPU.ActiveCfg = Tangerine.Release|Any CPU
		{94F44956-D5E2-4B65-85C0-C61A7AB2E305}.Tangerine.Release|Any CPU.Build.0 = Tangerine.Release|Any CPU
		{0C56EE69-41A5-4255-B2BE-6C5728566381}.Develop.Orange.Debug|Any CPU.ActiveCfg = Debug|Any CPU
		{0C56EE69-41A5-4255-B2BE-6C5728566381}.Develop.Orange.Debug|Any CPU.Build.0 = Debug|Any CPU
		{0C56EE69-41A5-4255-B2BE-6C5728566381}.Develop.Orange.Release|Any CPU.ActiveCfg = Release|Any CPU
		{0C56EE69-41A5-4255-B2BE-6C5728566381}.Develop.Orange.Release|Any CPU.Build.0 = Release|Any CPU
		{0C56EE69-41A5-4255-B2BE-6C5728566381}.Develop.Tangerine.Debug|Any CPU.ActiveCfg = Tangerine.Debug|Any CPU
		{0C56EE69-41A5-4255-B2BE-6C5728566381}.Develop.Tangerine.Debug|Any CPU.Build.0 = Tangerine.Debug|Any CPU
		{0C56EE69-41A5-4255-B2BE-6C5728566381}.Develop.Tangerine.Release|Any CPU.ActiveCfg = Tangerine.Release|Any CPU
		{0C56EE69-41A5-4255-B2BE-6C5728566381}.Develop.Tangerine.Release|Any CPU.Build.0 = Tangerine.Release|Any CPU
		{0C56EE69-41A5-4255-B2BE-6C5728566381}.Orange.Debug|Any CPU.ActiveCfg = Debug|Any CPU
		{0C56EE69-41A5-4255-B2BE-6C5728566381}.Orange.Debug|Any CPU.Build.0 = Debug|Any CPU
		{0C56EE69-41A5-4255-B2BE-6C5728566381}.Orange.Release|Any CPU.ActiveCfg = Release|Any CPU
		{0C56EE69-41A5-4255-B2BE-6C5728566381}.Orange.Release|Any CPU.Build.0 = Release|Any CPU
		{0C56EE69-41A5-4255-B2BE-6C5728566381}.Tangerine.Debug|Any CPU.ActiveCfg = Tangerine.Debug|Any CPU
		{0C56EE69-41A5-4255-B2BE-6C5728566381}.Tangerine.Debug|Any CPU.Build.0 = Tangerine.Debug|Any CPU
		{0C56EE69-41A5-4255-B2BE-6C5728566381}.Tangerine.Release|Any CPU.ActiveCfg = Tangerine.Release|Any CPU
		{0C56EE69-41A5-4255-B2BE-6C5728566381}.Tangerine.Release|Any CPU.Build.0 = Tangerine.Release|Any CPU
		{8F7F90F2-199C-40F6-90DC-4135E2E424AE}.Develop.Orange.Debug|Any CPU.ActiveCfg = Debug|Any CPU
		{8F7F90F2-199C-40F6-90DC-4135E2E424AE}.Develop.Orange.Debug|Any CPU.Build.0 = Debug|Any CPU
		{8F7F90F2-199C-40F6-90DC-4135E2E424AE}.Develop.Orange.Release|Any CPU.ActiveCfg = Release|Any CPU
		{8F7F90F2-199C-40F6-90DC-4135E2E424AE}.Develop.Orange.Release|Any CPU.Build.0 = Release|Any CPU
		{8F7F90F2-199C-40F6-90DC-4135E2E424AE}.Develop.Tangerine.Debug|Any CPU.ActiveCfg = Debug|Any CPU
		{8F7F90F2-199C-40F6-90DC-4135E2E424AE}.Develop.Tangerine.Debug|Any CPU.Build.0 = Debug|Any CPU
		{8F7F90F2-199C-40F6-90DC-4135E2E424AE}.Develop.Tangerine.Release|Any CPU.ActiveCfg = Release|Any CPU
		{8F7F90F2-199C-40F6-90DC-4135E2E424AE}.Develop.Tangerine.Release|Any CPU.Build.0 = Release|Any CPU
		{8F7F90F2-199C-40F6-90DC-4135E2E424AE}.Orange.Debug|Any CPU.ActiveCfg = Debug|Any CPU
		{8F7F90F2-199C-40F6-90DC-4135E2E424AE}.Orange.Debug|Any CPU.Build.0 = Debug|Any CPU
		{8F7F90F2-199C-40F6-90DC-4135E2E424AE}.Orange.Release|Any CPU.ActiveCfg = Release|Any CPU
		{8F7F90F2-199C-40F6-90DC-4135E2E424AE}.Orange.Release|Any CPU.Build.0 = Release|Any CPU
		{8F7F90F2-199C-40F6-90DC-4135E2E424AE}.Tangerine.Debug|Any CPU.ActiveCfg = Debug|Any CPU
		{8F7F90F2-199C-40F6-90DC-4135E2E424AE}.Tangerine.Debug|Any CPU.Build.0 = Debug|Any CPU
		{8F7F90F2-199C-40F6-90DC-4135E2E424AE}.Tangerine.Release|Any CPU.ActiveCfg = Release|Any CPU
		{8F7F90F2-199C-40F6-90DC-4135E2E424AE}.Tangerine.Release|Any CPU.Build.0 = Release|Any CPU
		{A537CE39-6913-489F-94F4-29F06A7C2A01}.Develop.Orange.Debug|Any CPU.ActiveCfg = Debug|Any CPU
		{A537CE39-6913-489F-94F4-29F06A7C2A01}.Develop.Orange.Debug|Any CPU.Build.0 = Debug|Any CPU
		{A537CE39-6913-489F-94F4-29F06A7C2A01}.Develop.Orange.Release|Any CPU.ActiveCfg = Release|Any CPU
		{A537CE39-6913-489F-94F4-29F06A7C2A01}.Develop.Orange.Release|Any CPU.Build.0 = Release|Any CPU
		{A537CE39-6913-489F-94F4-29F06A7C2A01}.Develop.Tangerine.Debug|Any CPU.ActiveCfg = Debug|Any CPU
		{A537CE39-6913-489F-94F4-29F06A7C2A01}.Develop.Tangerine.Debug|Any CPU.Build.0 = Debug|Any CPU
		{A537CE39-6913-489F-94F4-29F06A7C2A01}.Develop.Tangerine.Release|Any CPU.ActiveCfg = Release|Any CPU
		{A537CE39-6913-489F-94F4-29F06A7C2A01}.Develop.Tangerine.Release|Any CPU.Build.0 = Release|Any CPU
		{A537CE39-6913-489F-94F4-29F06A7C2A01}.Orange.Debug|Any CPU.ActiveCfg = Debug|Any CPU
		{A537CE39-6913-489F-94F4-29F06A7C2A01}.Orange.Debug|Any CPU.Build.0 = Debug|Any CPU
		{A537CE39-6913-489F-94F4-29F06A7C2A01}.Orange.Release|Any CPU.ActiveCfg = Release|Any CPU
		{A537CE39-6913-489F-94F4-29F06A7C2A01}.Orange.Release|Any CPU.Build.0 = Release|Any CPU
		{A537CE39-6913-489F-94F4-29F06A7C2A01}.Tangerine.Debug|Any CPU.ActiveCfg = Debug|Any CPU
		{A537CE39-6913-489F-94F4-29F06A7C2A01}.Tangerine.Debug|Any CPU.Build.0 = Debug|Any CPU
		{A537CE39-6913-489F-94F4-29F06A7C2A01}.Tangerine.Release|Any CPU.ActiveCfg = Release|Any CPU
		{A537CE39-6913-489F-94F4-29F06A7C2A01}.Tangerine.Release|Any CPU.Build.0 = Release|Any CPU
		{FEE92F84-DB65-4B3E-96E5-74C03C2D2954}.Develop.Orange.Debug|Any CPU.ActiveCfg = Debug|Any CPU
		{FEE92F84-DB65-4B3E-96E5-74C03C2D2954}.Develop.Orange.Debug|Any CPU.Build.0 = Debug|Any CPU
		{FEE92F84-DB65-4B3E-96E5-74C03C2D2954}.Develop.Orange.Release|Any CPU.ActiveCfg = Release|Any CPU
		{FEE92F84-DB65-4B3E-96E5-74C03C2D2954}.Develop.Orange.Release|Any CPU.Build.0 = Release|Any CPU
		{FEE92F84-DB65-4B3E-96E5-74C03C2D2954}.Develop.Tangerine.Debug|Any CPU.ActiveCfg = Debug|Any CPU
		{FEE92F84-DB65-4B3E-96E5-74C03C2D2954}.Develop.Tangerine.Debug|Any CPU.Build.0 = Debug|Any CPU
		{FEE92F84-DB65-4B3E-96E5-74C03C2D2954}.Develop.Tangerine.Release|Any CPU.ActiveCfg = Release|Any CPU
		{FEE92F84-DB65-4B3E-96E5-74C03C2D2954}.Develop.Tangerine.Release|Any CPU.Build.0 = Release|Any CPU
		{FEE92F84-DB65-4B3E-96E5-74C03C2D2954}.Orange.Debug|Any CPU.ActiveCfg = Debug|Any CPU
		{FEE92F84-DB65-4B3E-96E5-74C03C2D2954}.Orange.Debug|Any CPU.Build.0 = Debug|Any CPU
		{FEE92F84-DB65-4B3E-96E5-74C03C2D2954}.Orange.Release|Any CPU.ActiveCfg = Release|Any CPU
		{FEE92F84-DB65-4B3E-96E5-74C03C2D2954}.Orange.Release|Any CPU.Build.0 = Release|Any CPU
		{FEE92F84-DB65-4B3E-96E5-74C03C2D2954}.Tangerine.Debug|Any CPU.ActiveCfg = Debug|Any CPU
		{FEE92F84-DB65-4B3E-96E5-74C03C2D2954}.Tangerine.Debug|Any CPU.Build.0 = Debug|Any CPU
		{FEE92F84-DB65-4B3E-96E5-74C03C2D2954}.Tangerine.Release|Any CPU.ActiveCfg = Release|Any CPU
		{FEE92F84-DB65-4B3E-96E5-74C03C2D2954}.Tangerine.Release|Any CPU.Build.0 = Release|Any CPU
		{7AC11A3D-15FD-4A04-A705-AAC440D4CDD7}.Develop.Orange.Debug|Any CPU.ActiveCfg = Orange.Debug|Any CPU
		{7AC11A3D-15FD-4A04-A705-AAC440D4CDD7}.Develop.Orange.Debug|Any CPU.Build.0 = Orange.Debug|Any CPU
		{7AC11A3D-15FD-4A04-A705-AAC440D4CDD7}.Develop.Orange.Release|Any CPU.ActiveCfg = Orange.Release|Any CPU
		{7AC11A3D-15FD-4A04-A705-AAC440D4CDD7}.Develop.Orange.Release|Any CPU.Build.0 = Orange.Release|Any CPU
		{7AC11A3D-15FD-4A04-A705-AAC440D4CDD7}.Develop.Tangerine.Debug|Any CPU.ActiveCfg = Tangerine.Debug|Any CPU
		{7AC11A3D-15FD-4A04-A705-AAC440D4CDD7}.Develop.Tangerine.Debug|Any CPU.Build.0 = Tangerine.Debug|Any CPU
		{7AC11A3D-15FD-4A04-A705-AAC440D4CDD7}.Develop.Tangerine.Release|Any CPU.ActiveCfg = Tangerine.Release|Any CPU
		{7AC11A3D-15FD-4A04-A705-AAC440D4CDD7}.Develop.Tangerine.Release|Any CPU.Build.0 = Tangerine.Release|Any CPU
		{7AC11A3D-15FD-4A04-A705-AAC440D4CDD7}.Orange.Debug|Any CPU.ActiveCfg = Orange.Debug|Any CPU
		{7AC11A3D-15FD-4A04-A705-AAC440D4CDD7}.Orange.Debug|Any CPU.Build.0 = Orange.Debug|Any CPU
		{7AC11A3D-15FD-4A04-A705-AAC440D4CDD7}.Orange.Release|Any CPU.ActiveCfg = Orange.Release|Any CPU
		{7AC11A3D-15FD-4A04-A705-AAC440D4CDD7}.Orange.Release|Any CPU.Build.0 = Orange.Release|Any CPU
		{7AC11A3D-15FD-4A04-A705-AAC440D4CDD7}.Tangerine.Debug|Any CPU.ActiveCfg = Tangerine.Debug|Any CPU
		{7AC11A3D-15FD-4A04-A705-AAC440D4CDD7}.Tangerine.Debug|Any CPU.Build.0 = Tangerine.Debug|Any CPU
		{7AC11A3D-15FD-4A04-A705-AAC440D4CDD7}.Tangerine.Release|Any CPU.ActiveCfg = Tangerine.Release|Any CPU
		{7AC11A3D-15FD-4A04-A705-AAC440D4CDD7}.Tangerine.Release|Any CPU.Build.0 = Tangerine.Release|Any CPU
		{3321B9AF-55AC-4F94-88A8-25E069E2A0A4}.Develop.Orange.Debug|Any CPU.ActiveCfg = Debug|Any CPU
		{3321B9AF-55AC-4F94-88A8-25E069E2A0A4}.Develop.Orange.Release|Any CPU.ActiveCfg = Release|Any CPU
		{3321B9AF-55AC-4F94-88A8-25E069E2A0A4}.Develop.Tangerine.Debug|Any CPU.ActiveCfg = Debug|Any CPU
		{3321B9AF-55AC-4F94-88A8-25E069E2A0A4}.Develop.Tangerine.Debug|Any CPU.Build.0 = Debug|Any CPU
		{3321B9AF-55AC-4F94-88A8-25E069E2A0A4}.Develop.Tangerine.Release|Any CPU.ActiveCfg = Release|Any CPU
		{3321B9AF-55AC-4F94-88A8-25E069E2A0A4}.Develop.Tangerine.Release|Any CPU.Build.0 = Release|Any CPU
		{3321B9AF-55AC-4F94-88A8-25E069E2A0A4}.Orange.Debug|Any CPU.ActiveCfg = Debug|Any CPU
		{3321B9AF-55AC-4F94-88A8-25E069E2A0A4}.Orange.Release|Any CPU.ActiveCfg = Release|Any CPU
		{3321B9AF-55AC-4F94-88A8-25E069E2A0A4}.Tangerine.Debug|Any CPU.ActiveCfg = Debug|Any CPU
		{3321B9AF-55AC-4F94-88A8-25E069E2A0A4}.Tangerine.Debug|Any CPU.Build.0 = Debug|Any CPU
		{3321B9AF-55AC-4F94-88A8-25E069E2A0A4}.Tangerine.Release|Any CPU.ActiveCfg = Release|Any CPU
		{3321B9AF-55AC-4F94-88A8-25E069E2A0A4}.Tangerine.Release|Any CPU.Build.0 = Release|Any CPU
		{9E20CA52-7282-4BBE-9FDF-AC6FC772DE50}.Develop.Orange.Debug|Any CPU.ActiveCfg = Debug|Any CPU
		{9E20CA52-7282-4BBE-9FDF-AC6FC772DE50}.Develop.Orange.Release|Any CPU.ActiveCfg = Release|Any CPU
		{9E20CA52-7282-4BBE-9FDF-AC6FC772DE50}.Develop.Tangerine.Debug|Any CPU.ActiveCfg = Debug|Any CPU
		{9E20CA52-7282-4BBE-9FDF-AC6FC772DE50}.Develop.Tangerine.Debug|Any CPU.Build.0 = Debug|Any CPU
		{9E20CA52-7282-4BBE-9FDF-AC6FC772DE50}.Develop.Tangerine.Release|Any CPU.ActiveCfg = Release|Any CPU
		{9E20CA52-7282-4BBE-9FDF-AC6FC772DE50}.Develop.Tangerine.Release|Any CPU.Build.0 = Release|Any CPU
		{9E20CA52-7282-4BBE-9FDF-AC6FC772DE50}.Orange.Debug|Any CPU.ActiveCfg = Debug|Any CPU
		{9E20CA52-7282-4BBE-9FDF-AC6FC772DE50}.Orange.Release|Any CPU.ActiveCfg = Release|Any CPU
		{9E20CA52-7282-4BBE-9FDF-AC6FC772DE50}.Tangerine.Debug|Any CPU.ActiveCfg = Debug|Any CPU
		{9E20CA52-7282-4BBE-9FDF-AC6FC772DE50}.Tangerine.Debug|Any CPU.Build.0 = Debug|Any CPU
		{9E20CA52-7282-4BBE-9FDF-AC6FC772DE50}.Tangerine.Release|Any CPU.ActiveCfg = Release|Any CPU
		{9E20CA52-7282-4BBE-9FDF-AC6FC772DE50}.Tangerine.Release|Any CPU.Build.0 = Release|Any CPU
		{69932209-176B-4B24-8D34-4E8E5170A425}.Develop.Orange.Debug|Any CPU.ActiveCfg = Debug|Any CPU
		{69932209-176B-4B24-8D34-4E8E5170A425}.Develop.Orange.Release|Any CPU.ActiveCfg = Release|Any CPU
		{69932209-176B-4B24-8D34-4E8E5170A425}.Develop.Tangerine.Debug|Any CPU.ActiveCfg = Debug|Any CPU
		{69932209-176B-4B24-8D34-4E8E5170A425}.Develop.Tangerine.Debug|Any CPU.Build.0 = Debug|Any CPU
		{69932209-176B-4B24-8D34-4E8E5170A425}.Develop.Tangerine.Release|Any CPU.ActiveCfg = Release|Any CPU
		{69932209-176B-4B24-8D34-4E8E5170A425}.Develop.Tangerine.Release|Any CPU.Build.0 = Release|Any CPU
		{69932209-176B-4B24-8D34-4E8E5170A425}.Orange.Debug|Any CPU.ActiveCfg = Debug|Any CPU
		{69932209-176B-4B24-8D34-4E8E5170A425}.Orange.Release|Any CPU.ActiveCfg = Release|Any CPU
		{69932209-176B-4B24-8D34-4E8E5170A425}.Tangerine.Debug|Any CPU.ActiveCfg = Debug|Any CPU
		{69932209-176B-4B24-8D34-4E8E5170A425}.Tangerine.Debug|Any CPU.Build.0 = Debug|Any CPU
		{69932209-176B-4B24-8D34-4E8E5170A425}.Tangerine.Release|Any CPU.ActiveCfg = Release|Any CPU
		{69932209-176B-4B24-8D34-4E8E5170A425}.Tangerine.Release|Any CPU.Build.0 = Release|Any CPU
		{2ACE9109-7E7D-4C9B-A298-62A03EB233C6}.Develop.Orange.Debug|Any CPU.ActiveCfg = Debug|Any CPU
		{2ACE9109-7E7D-4C9B-A298-62A03EB233C6}.Develop.Orange.Release|Any CPU.ActiveCfg = Release|Any CPU
		{2ACE9109-7E7D-4C9B-A298-62A03EB233C6}.Develop.Tangerine.Debug|Any CPU.ActiveCfg = Debug|Any CPU
		{2ACE9109-7E7D-4C9B-A298-62A03EB233C6}.Develop.Tangerine.Debug|Any CPU.Build.0 = Debug|Any CPU
		{2ACE9109-7E7D-4C9B-A298-62A03EB233C6}.Develop.Tangerine.Release|Any CPU.ActiveCfg = Release|Any CPU
		{2ACE9109-7E7D-4C9B-A298-62A03EB233C6}.Develop.Tangerine.Release|Any CPU.Build.0 = Release|Any CPU
		{2ACE9109-7E7D-4C9B-A298-62A03EB233C6}.Orange.Debug|Any CPU.ActiveCfg = Debug|Any CPU
		{2ACE9109-7E7D-4C9B-A298-62A03EB233C6}.Orange.Release|Any CPU.ActiveCfg = Release|Any CPU
		{2ACE9109-7E7D-4C9B-A298-62A03EB233C6}.Tangerine.Debug|Any CPU.ActiveCfg = Debug|Any CPU
		{2ACE9109-7E7D-4C9B-A298-62A03EB233C6}.Tangerine.Release|Any CPU.ActiveCfg = Release|Any CPU
		{C7B8F66A-B5A4-4F28-8583-001B58CF3EBD}.Develop.Orange.Debug|Any CPU.ActiveCfg = Debug|Any CPU
		{C7B8F66A-B5A4-4F28-8583-001B58CF3EBD}.Develop.Orange.Release|Any CPU.ActiveCfg = Release|Any CPU
		{C7B8F66A-B5A4-4F28-8583-001B58CF3EBD}.Develop.Tangerine.Debug|Any CPU.ActiveCfg = Debug|Any CPU
		{C7B8F66A-B5A4-4F28-8583-001B58CF3EBD}.Develop.Tangerine.Debug|Any CPU.Build.0 = Debug|Any CPU
		{C7B8F66A-B5A4-4F28-8583-001B58CF3EBD}.Develop.Tangerine.Release|Any CPU.ActiveCfg = Release|Any CPU
		{C7B8F66A-B5A4-4F28-8583-001B58CF3EBD}.Develop.Tangerine.Release|Any CPU.Build.0 = Release|Any CPU
		{C7B8F66A-B5A4-4F28-8583-001B58CF3EBD}.Orange.Debug|Any CPU.ActiveCfg = Debug|Any CPU
		{C7B8F66A-B5A4-4F28-8583-001B58CF3EBD}.Orange.Release|Any CPU.ActiveCfg = Release|Any CPU
		{C7B8F66A-B5A4-4F28-8583-001B58CF3EBD}.Tangerine.Debug|Any CPU.ActiveCfg = Debug|Any CPU
		{C7B8F66A-B5A4-4F28-8583-001B58CF3EBD}.Tangerine.Debug|Any CPU.Build.0 = Debug|Any CPU
		{C7B8F66A-B5A4-4F28-8583-001B58CF3EBD}.Tangerine.Release|Any CPU.ActiveCfg = Release|Any CPU
		{C7B8F66A-B5A4-4F28-8583-001B58CF3EBD}.Tangerine.Release|Any CPU.Build.0 = Release|Any CPU
		{D352E90B-E091-469E-8180-B04C68BD0D48}.Develop.Orange.Debug|Any CPU.ActiveCfg = Debug|Any CPU
		{D352E90B-E091-469E-8180-B04C68BD0D48}.Develop.Orange.Release|Any CPU.ActiveCfg = Release|Any CPU
		{D352E90B-E091-469E-8180-B04C68BD0D48}.Develop.Tangerine.Debug|Any CPU.ActiveCfg = Debug|Any CPU
		{D352E90B-E091-469E-8180-B04C68BD0D48}.Develop.Tangerine.Debug|Any CPU.Build.0 = Debug|Any CPU
		{D352E90B-E091-469E-8180-B04C68BD0D48}.Develop.Tangerine.Release|Any CPU.ActiveCfg = Release|Any CPU
		{D352E90B-E091-469E-8180-B04C68BD0D48}.Develop.Tangerine.Release|Any CPU.Build.0 = Release|Any CPU
		{D352E90B-E091-469E-8180-B04C68BD0D48}.Orange.Debug|Any CPU.ActiveCfg = Debug|Any CPU
		{D352E90B-E091-469E-8180-B04C68BD0D48}.Orange.Release|Any CPU.ActiveCfg = Release|Any CPU
		{D352E90B-E091-469E-8180-B04C68BD0D48}.Tangerine.Debug|Any CPU.ActiveCfg = Debug|Any CPU
		{D352E90B-E091-469E-8180-B04C68BD0D48}.Tangerine.Debug|Any CPU.Build.0 = Debug|Any CPU
		{D352E90B-E091-469E-8180-B04C68BD0D48}.Tangerine.Release|Any CPU.ActiveCfg = Release|Any CPU
		{D352E90B-E091-469E-8180-B04C68BD0D48}.Tangerine.Release|Any CPU.Build.0 = Release|Any CPU
		{6A747ACF-E5AB-46B5-BE3C-F6EE9788072A}.Develop.Orange.Debug|Any CPU.ActiveCfg = Debug|Any CPU
		{6A747ACF-E5AB-46B5-BE3C-F6EE9788072A}.Develop.Orange.Release|Any CPU.ActiveCfg = Release|Any CPU
		{6A747ACF-E5AB-46B5-BE3C-F6EE9788072A}.Develop.Tangerine.Debug|Any CPU.ActiveCfg = Debug|Any CPU
		{6A747ACF-E5AB-46B5-BE3C-F6EE9788072A}.Develop.Tangerine.Debug|Any CPU.Build.0 = Debug|Any CPU
		{6A747ACF-E5AB-46B5-BE3C-F6EE9788072A}.Develop.Tangerine.Release|Any CPU.ActiveCfg = Release|Any CPU
		{6A747ACF-E5AB-46B5-BE3C-F6EE9788072A}.Develop.Tangerine.Release|Any CPU.Build.0 = Release|Any CPU
		{6A747ACF-E5AB-46B5-BE3C-F6EE9788072A}.Orange.Debug|Any CPU.ActiveCfg = Debug|Any CPU
		{6A747ACF-E5AB-46B5-BE3C-F6EE9788072A}.Orange.Release|Any CPU.ActiveCfg = Release|Any CPU
		{6A747ACF-E5AB-46B5-BE3C-F6EE9788072A}.Tangerine.Debug|Any CPU.ActiveCfg = Debug|Any CPU
		{6A747ACF-E5AB-46B5-BE3C-F6EE9788072A}.Tangerine.Debug|Any CPU.Build.0 = Debug|Any CPU
		{6A747ACF-E5AB-46B5-BE3C-F6EE9788072A}.Tangerine.Release|Any CPU.ActiveCfg = Release|Any CPU
		{6A747ACF-E5AB-46B5-BE3C-F6EE9788072A}.Tangerine.Release|Any CPU.Build.0 = Release|Any CPU
		{382F7C88-8541-4AB0-A325-F082CB3EE094}.Develop.Orange.Debug|Any CPU.ActiveCfg = Debug|Any CPU
		{382F7C88-8541-4AB0-A325-F082CB3EE094}.Develop.Orange.Release|Any CPU.ActiveCfg = Release|Any CPU
		{382F7C88-8541-4AB0-A325-F082CB3EE094}.Develop.Tangerine.Debug|Any CPU.ActiveCfg = Debug|Any CPU
		{382F7C88-8541-4AB0-A325-F082CB3EE094}.Develop.Tangerine.Debug|Any CPU.Build.0 = Debug|Any CPU
		{382F7C88-8541-4AB0-A325-F082CB3EE094}.Develop.Tangerine.Release|Any CPU.ActiveCfg = Release|Any CPU
		{382F7C88-8541-4AB0-A325-F082CB3EE094}.Develop.Tangerine.Release|Any CPU.Build.0 = Release|Any CPU
		{382F7C88-8541-4AB0-A325-F082CB3EE094}.Orange.Debug|Any CPU.ActiveCfg = Debug|Any CPU
		{382F7C88-8541-4AB0-A325-F082CB3EE094}.Orange.Release|Any CPU.ActiveCfg = Release|Any CPU
		{382F7C88-8541-4AB0-A325-F082CB3EE094}.Tangerine.Debug|Any CPU.ActiveCfg = Debug|Any CPU
		{382F7C88-8541-4AB0-A325-F082CB3EE094}.Tangerine.Debug|Any CPU.Build.0 = Debug|Any CPU
		{382F7C88-8541-4AB0-A325-F082CB3EE094}.Tangerine.Release|Any CPU.ActiveCfg = Release|Any CPU
		{382F7C88-8541-4AB0-A325-F082CB3EE094}.Tangerine.Release|Any CPU.Build.0 = Release|Any CPU
		{7F861286-D4E5-4C2D-93E9-A99D3A4EF113}.Develop.Orange.Debug|Any CPU.ActiveCfg = Debug|Any CPU
		{7F861286-D4E5-4C2D-93E9-A99D3A4EF113}.Develop.Orange.Release|Any CPU.ActiveCfg = Release|Any CPU
		{7F861286-D4E5-4C2D-93E9-A99D3A4EF113}.Develop.Tangerine.Debug|Any CPU.ActiveCfg = Debug|Any CPU
		{7F861286-D4E5-4C2D-93E9-A99D3A4EF113}.Develop.Tangerine.Debug|Any CPU.Build.0 = Debug|Any CPU
		{7F861286-D4E5-4C2D-93E9-A99D3A4EF113}.Develop.Tangerine.Release|Any CPU.ActiveCfg = Release|Any CPU
		{7F861286-D4E5-4C2D-93E9-A99D3A4EF113}.Develop.Tangerine.Release|Any CPU.Build.0 = Release|Any CPU
		{7F861286-D4E5-4C2D-93E9-A99D3A4EF113}.Orange.Debug|Any CPU.ActiveCfg = Debug|Any CPU
		{7F861286-D4E5-4C2D-93E9-A99D3A4EF113}.Orange.Release|Any CPU.ActiveCfg = Release|Any CPU
		{7F861286-D4E5-4C2D-93E9-A99D3A4EF113}.Tangerine.Debug|Any CPU.ActiveCfg = Debug|Any CPU
		{7F861286-D4E5-4C2D-93E9-A99D3A4EF113}.Tangerine.Debug|Any CPU.Build.0 = Debug|Any CPU
		{7F861286-D4E5-4C2D-93E9-A99D3A4EF113}.Tangerine.Release|Any CPU.ActiveCfg = Release|Any CPU
		{7F861286-D4E5-4C2D-93E9-A99D3A4EF113}.Tangerine.Release|Any CPU.Build.0 = Release|Any CPU
		{2A318FC3-7D70-4144-9882-099F282DB78E}.Develop.Orange.Debug|Any CPU.ActiveCfg = Debug|Any CPU
		{2A318FC3-7D70-4144-9882-099F282DB78E}.Develop.Orange.Release|Any CPU.ActiveCfg = Release|Any CPU
		{2A318FC3-7D70-4144-9882-099F282DB78E}.Develop.Tangerine.Debug|Any CPU.ActiveCfg = Debug|Any CPU
		{2A318FC3-7D70-4144-9882-099F282DB78E}.Develop.Tangerine.Debug|Any CPU.Build.0 = Debug|Any CPU
		{2A318FC3-7D70-4144-9882-099F282DB78E}.Develop.Tangerine.Release|Any CPU.ActiveCfg = Release|Any CPU
		{2A318FC3-7D70-4144-9882-099F282DB78E}.Develop.Tangerine.Release|Any CPU.Build.0 = Release|Any CPU
		{2A318FC3-7D70-4144-9882-099F282DB78E}.Orange.Debug|Any CPU.ActiveCfg = Debug|Any CPU
		{2A318FC3-7D70-4144-9882-099F282DB78E}.Orange.Release|Any CPU.ActiveCfg = Release|Any CPU
		{2A318FC3-7D70-4144-9882-099F282DB78E}.Tangerine.Debug|Any CPU.ActiveCfg = Debug|Any CPU
		{2A318FC3-7D70-4144-9882-099F282DB78E}.Tangerine.Debug|Any CPU.Build.0 = Debug|Any CPU
		{2A318FC3-7D70-4144-9882-099F282DB78E}.Tangerine.Release|Any CPU.ActiveCfg = Release|Any CPU
		{2A318FC3-7D70-4144-9882-099F282DB78E}.Tangerine.Release|Any CPU.Build.0 = Release|Any CPU
		{BE27B2A5-1892-4E5F-A9DF-1A4D661D9B08}.Develop.Orange.Debug|Any CPU.ActiveCfg = Debug|Any CPU
		{BE27B2A5-1892-4E5F-A9DF-1A4D661D9B08}.Develop.Orange.Release|Any CPU.ActiveCfg = Release|Any CPU
		{BE27B2A5-1892-4E5F-A9DF-1A4D661D9B08}.Develop.Tangerine.Debug|Any CPU.ActiveCfg = Debug|Any CPU
		{BE27B2A5-1892-4E5F-A9DF-1A4D661D9B08}.Develop.Tangerine.Debug|Any CPU.Build.0 = Debug|Any CPU
		{BE27B2A5-1892-4E5F-A9DF-1A4D661D9B08}.Develop.Tangerine.Release|Any CPU.ActiveCfg = Release|Any CPU
		{BE27B2A5-1892-4E5F-A9DF-1A4D661D9B08}.Develop.Tangerine.Release|Any CPU.Build.0 = Release|Any CPU
		{BE27B2A5-1892-4E5F-A9DF-1A4D661D9B08}.Orange.Debug|Any CPU.ActiveCfg = Debug|Any CPU
		{BE27B2A5-1892-4E5F-A9DF-1A4D661D9B08}.Orange.Release|Any CPU.ActiveCfg = Release|Any CPU
		{BE27B2A5-1892-4E5F-A9DF-1A4D661D9B08}.Tangerine.Debug|Any CPU.ActiveCfg = Debug|Any CPU
		{BE27B2A5-1892-4E5F-A9DF-1A4D661D9B08}.Tangerine.Debug|Any CPU.Build.0 = Debug|Any CPU
		{BE27B2A5-1892-4E5F-A9DF-1A4D661D9B08}.Tangerine.Release|Any CPU.ActiveCfg = Release|Any CPU
		{BE27B2A5-1892-4E5F-A9DF-1A4D661D9B08}.Tangerine.Release|Any CPU.Build.0 = Release|Any CPU
	EndGlobalSection
	GlobalSection(SolutionProperties) = preSolution
		HideSolutionNode = FALSE
	EndGlobalSection
	GlobalSection(ExtensibilityGlobals) = postSolution
		SolutionGuid = {2DE089FF-C695-440E-B246-8880E609CA28}
	EndGlobalSection
EndGlobal
