
Microsoft Visual Studio Solution File, Format Version 12.00
# Visual Studio Version 16
VisualStudioVersion = 16.0.30523.141
MinimumVisualStudioVersion = 10.0.40219.1
Project("{9A19103F-16F7-4668-BE54-9A1E7A4F7556}") = "Lime.Win", "..\Lime\Lime.Win.csproj", "{FC2DE6C9-641A-4230-8D29-EA4035CD8708}"
EndProject
Project("{9A19103F-16F7-4668-BE54-9A1E7A4F7556}") = "Lemon.Win", "..\Lemon\Lemon.Win.csproj", "{538E41E4-725C-4521-BCF3-A5591A1A3AFD}"
EndProject
Project("{9A19103F-16F7-4668-BE54-9A1E7A4F7556}") = "Citrus.Tests", "Citrus.Tests\Citrus.Tests.csproj", "{E3EDA060-6712-4478-825A-363F7C2E94D7}"
EndProject
Project("{9A19103F-16F7-4668-BE54-9A1E7A4F7556}") = "Citrus.Benchmarks", "Citrus.Benchmarks\Citrus.Benchmarks.csproj", "{A1C3657C-D7A5-4445-B0F0-D9600E97E59A}"
EndProject
Project("{9A19103F-16F7-4668-BE54-9A1E7A4F7556}") = "Yuzu", "..\Yuzu\Yuzu.csproj", "{B7B40A81-683B-4869-86DB-EEFA0A88E669}"
EndProject
Global
	GlobalSection(SolutionConfigurationPlatforms) = preSolution
		Debug.Profiler|Any CPU = Debug.Profiler|Any CPU
		Debug.Profiler|x86 = Debug.Profiler|x86
		Debug.Tangerine|Any CPU = Debug.Tangerine|Any CPU
		Debug.Tangerine|x86 = Debug.Tangerine|x86
		Debug|Any CPU = Debug|Any CPU
		Debug|x86 = Debug|x86
		Profile|Any CPU = Profile|Any CPU
		Profile|x86 = Profile|x86
		Release.Profiler|Any CPU = Release.Profiler|Any CPU
		Release.Profiler|x86 = Release.Profiler|x86
		Release.Tangerine|Any CPU = Release.Tangerine|Any CPU
		Release.Tangerine|x86 = Release.Tangerine|x86
		Release|Any CPU = Release|Any CPU
		Release|x86 = Release|x86
	EndGlobalSection
	GlobalSection(ProjectConfigurationPlatforms) = postSolution
		{FC2DE6C9-641A-4230-8D29-EA4035CD8708}.Debug.Profiler|Any CPU.ActiveCfg = Debug|Any CPU
		{FC2DE6C9-641A-4230-8D29-EA4035CD8708}.Debug.Profiler|Any CPU.Build.0 = Debug|Any CPU
		{FC2DE6C9-641A-4230-8D29-EA4035CD8708}.Debug.Profiler|x86.ActiveCfg = Debug.Profiler|x86
		{FC2DE6C9-641A-4230-8D29-EA4035CD8708}.Debug.Profiler|x86.Build.0 = Debug.Profiler|x86
		{FC2DE6C9-641A-4230-8D29-EA4035CD8708}.Debug.Tangerine|Any CPU.ActiveCfg = Debug|Any CPU
		{FC2DE6C9-641A-4230-8D29-EA4035CD8708}.Debug.Tangerine|Any CPU.Build.0 = Debug|Any CPU
		{FC2DE6C9-641A-4230-8D29-EA4035CD8708}.Debug.Tangerine|x86.ActiveCfg = Debug.Tangerine|x86
		{FC2DE6C9-641A-4230-8D29-EA4035CD8708}.Debug.Tangerine|x86.Build.0 = Debug.Tangerine|x86
		{FC2DE6C9-641A-4230-8D29-EA4035CD8708}.Debug|Any CPU.ActiveCfg = Debug|Any CPU
		{FC2DE6C9-641A-4230-8D29-EA4035CD8708}.Debug|Any CPU.Build.0 = Debug|Any CPU
		{FC2DE6C9-641A-4230-8D29-EA4035CD8708}.Debug|x86.ActiveCfg = Debug|x86
		{FC2DE6C9-641A-4230-8D29-EA4035CD8708}.Debug|x86.Build.0 = Debug|x86
		{FC2DE6C9-641A-4230-8D29-EA4035CD8708}.Profile|Any CPU.ActiveCfg = Debug|Any CPU
		{FC2DE6C9-641A-4230-8D29-EA4035CD8708}.Profile|Any CPU.Build.0 = Debug|Any CPU
		{FC2DE6C9-641A-4230-8D29-EA4035CD8708}.Profile|x86.ActiveCfg = Profile|x86
		{FC2DE6C9-641A-4230-8D29-EA4035CD8708}.Profile|x86.Build.0 = Profile|x86
		{FC2DE6C9-641A-4230-8D29-EA4035CD8708}.Release.Profiler|Any CPU.ActiveCfg = Release|Any CPU
		{FC2DE6C9-641A-4230-8D29-EA4035CD8708}.Release.Profiler|Any CPU.Build.0 = Release|Any CPU
		{FC2DE6C9-641A-4230-8D29-EA4035CD8708}.Release.Profiler|x86.ActiveCfg = Release.Profiler|x86
		{FC2DE6C9-641A-4230-8D29-EA4035CD8708}.Release.Profiler|x86.Build.0 = Release.Profiler|x86
		{FC2DE6C9-641A-4230-8D29-EA4035CD8708}.Release.Tangerine|Any CPU.ActiveCfg = Release|Any CPU
		{FC2DE6C9-641A-4230-8D29-EA4035CD8708}.Release.Tangerine|Any CPU.Build.0 = Release|Any CPU
		{FC2DE6C9-641A-4230-8D29-EA4035CD8708}.Release.Tangerine|x86.ActiveCfg = Release.Tangerine|x86
		{FC2DE6C9-641A-4230-8D29-EA4035CD8708}.Release.Tangerine|x86.Build.0 = Release.Tangerine|x86
		{FC2DE6C9-641A-4230-8D29-EA4035CD8708}.Release|Any CPU.ActiveCfg = Release|Any CPU
		{FC2DE6C9-641A-4230-8D29-EA4035CD8708}.Release|Any CPU.Build.0 = Release|Any CPU
		{FC2DE6C9-641A-4230-8D29-EA4035CD8708}.Release|x86.ActiveCfg = Release|x86
		{FC2DE6C9-641A-4230-8D29-EA4035CD8708}.Release|x86.Build.0 = Release|x86
		{538E41E4-725C-4521-BCF3-A5591A1A3AFD}.Debug.Profiler|Any CPU.ActiveCfg = Debug|Any CPU
		{538E41E4-725C-4521-BCF3-A5591A1A3AFD}.Debug.Profiler|Any CPU.Build.0 = Debug|Any CPU
		{538E41E4-725C-4521-BCF3-A5591A1A3AFD}.Debug.Profiler|x86.ActiveCfg = Debug|x86
		{538E41E4-725C-4521-BCF3-A5591A1A3AFD}.Debug.Profiler|x86.Build.0 = Debug|x86
		{538E41E4-725C-4521-BCF3-A5591A1A3AFD}.Debug.Tangerine|Any CPU.ActiveCfg = Debug|Any CPU
		{538E41E4-725C-4521-BCF3-A5591A1A3AFD}.Debug.Tangerine|Any CPU.Build.0 = Debug|Any CPU
		{538E41E4-725C-4521-BCF3-A5591A1A3AFD}.Debug.Tangerine|x86.ActiveCfg = Debug|x86
		{538E41E4-725C-4521-BCF3-A5591A1A3AFD}.Debug.Tangerine|x86.Build.0 = Debug|x86
		{538E41E4-725C-4521-BCF3-A5591A1A3AFD}.Debug|Any CPU.ActiveCfg = Debug|Any CPU
		{538E41E4-725C-4521-BCF3-A5591A1A3AFD}.Debug|Any CPU.Build.0 = Debug|Any CPU
		{538E41E4-725C-4521-BCF3-A5591A1A3AFD}.Debug|x86.ActiveCfg = Debug|x86
		{538E41E4-725C-4521-BCF3-A5591A1A3AFD}.Debug|x86.Build.0 = Debug|x86
		{538E41E4-725C-4521-BCF3-A5591A1A3AFD}.Profile|Any CPU.ActiveCfg = Debug|Any CPU
		{538E41E4-725C-4521-BCF3-A5591A1A3AFD}.Profile|Any CPU.Build.0 = Debug|Any CPU
		{538E41E4-725C-4521-BCF3-A5591A1A3AFD}.Profile|x86.ActiveCfg = Debug|x86
		{538E41E4-725C-4521-BCF3-A5591A1A3AFD}.Profile|x86.Build.0 = Debug|x86
		{538E41E4-725C-4521-BCF3-A5591A1A3AFD}.Release.Profiler|Any CPU.ActiveCfg = Release|Any CPU
		{538E41E4-725C-4521-BCF3-A5591A1A3AFD}.Release.Profiler|Any CPU.Build.0 = Release|Any CPU
		{538E41E4-725C-4521-BCF3-A5591A1A3AFD}.Release.Profiler|x86.ActiveCfg = Release|x86
		{538E41E4-725C-4521-BCF3-A5591A1A3AFD}.Release.Profiler|x86.Build.0 = Release|x86
		{538E41E4-725C-4521-BCF3-A5591A1A3AFD}.Release.Tangerine|Any CPU.ActiveCfg = Release|Any CPU
		{538E41E4-725C-4521-BCF3-A5591A1A3AFD}.Release.Tangerine|Any CPU.Build.0 = Release|Any CPU
		{538E41E4-725C-4521-BCF3-A5591A1A3AFD}.Release.Tangerine|x86.ActiveCfg = Release|x86
		{538E41E4-725C-4521-BCF3-A5591A1A3AFD}.Release.Tangerine|x86.Build.0 = Release|x86
		{538E41E4-725C-4521-BCF3-A5591A1A3AFD}.Release|Any CPU.ActiveCfg = Release|Any CPU
		{538E41E4-725C-4521-BCF3-A5591A1A3AFD}.Release|Any CPU.Build.0 = Release|Any CPU
		{538E41E4-725C-4521-BCF3-A5591A1A3AFD}.Release|x86.ActiveCfg = Release|x86
		{538E41E4-725C-4521-BCF3-A5591A1A3AFD}.Release|x86.Build.0 = Release|x86
		{E3EDA060-6712-4478-825A-363F7C2E94D7}.Debug.Profiler|Any CPU.ActiveCfg = Debug|Any CPU
		{E3EDA060-6712-4478-825A-363F7C2E94D7}.Debug.Profiler|Any CPU.Build.0 = Debug|Any CPU
		{E3EDA060-6712-4478-825A-363F7C2E94D7}.Debug.Profiler|x86.ActiveCfg = Debug|Any CPU
		{E3EDA060-6712-4478-825A-363F7C2E94D7}.Debug.Profiler|x86.Build.0 = Debug|Any CPU
		{E3EDA060-6712-4478-825A-363F7C2E94D7}.Debug.Tangerine|Any CPU.ActiveCfg = Debug|Any CPU
		{E3EDA060-6712-4478-825A-363F7C2E94D7}.Debug.Tangerine|Any CPU.Build.0 = Debug|Any CPU
		{E3EDA060-6712-4478-825A-363F7C2E94D7}.Debug.Tangerine|x86.ActiveCfg = Debug|Any CPU
		{E3EDA060-6712-4478-825A-363F7C2E94D7}.Debug.Tangerine|x86.Build.0 = Debug|Any CPU
		{E3EDA060-6712-4478-825A-363F7C2E94D7}.Debug|Any CPU.ActiveCfg = Debug|Any CPU
		{E3EDA060-6712-4478-825A-363F7C2E94D7}.Debug|Any CPU.Build.0 = Debug|Any CPU
		{E3EDA060-6712-4478-825A-363F7C2E94D7}.Debug|x86.ActiveCfg = Debug|Any CPU
		{E3EDA060-6712-4478-825A-363F7C2E94D7}.Debug|x86.Build.0 = Debug|Any CPU
		{E3EDA060-6712-4478-825A-363F7C2E94D7}.Profile|Any CPU.ActiveCfg = Debug|Any CPU
		{E3EDA060-6712-4478-825A-363F7C2E94D7}.Profile|Any CPU.Build.0 = Debug|Any CPU
		{E3EDA060-6712-4478-825A-363F7C2E94D7}.Profile|x86.ActiveCfg = Debug|Any CPU
		{E3EDA060-6712-4478-825A-363F7C2E94D7}.Profile|x86.Build.0 = Debug|Any CPU
		{E3EDA060-6712-4478-825A-363F7C2E94D7}.Release.Profiler|Any CPU.ActiveCfg = Release|Any CPU
		{E3EDA060-6712-4478-825A-363F7C2E94D7}.Release.Profiler|Any CPU.Build.0 = Release|Any CPU
		{E3EDA060-6712-4478-825A-363F7C2E94D7}.Release.Profiler|x86.ActiveCfg = Release|Any CPU
		{E3EDA060-6712-4478-825A-363F7C2E94D7}.Release.Profiler|x86.Build.0 = Release|Any CPU
		{E3EDA060-6712-4478-825A-363F7C2E94D7}.Release.Tangerine|Any CPU.ActiveCfg = Release|Any CPU
		{E3EDA060-6712-4478-825A-363F7C2E94D7}.Release.Tangerine|Any CPU.Build.0 = Release|Any CPU
		{E3EDA060-6712-4478-825A-363F7C2E94D7}.Release.Tangerine|x86.ActiveCfg = Release|Any CPU
		{E3EDA060-6712-4478-825A-363F7C2E94D7}.Release.Tangerine|x86.Build.0 = Release|Any CPU
		{E3EDA060-6712-4478-825A-363F7C2E94D7}.Release|Any CPU.ActiveCfg = Release|Any CPU
		{E3EDA060-6712-4478-825A-363F7C2E94D7}.Release|Any CPU.Build.0 = Release|Any CPU
		{E3EDA060-6712-4478-825A-363F7C2E94D7}.Release|x86.ActiveCfg = Release|Any CPU
		{E3EDA060-6712-4478-825A-363F7C2E94D7}.Release|x86.Build.0 = Release|Any CPU
		{A1C3657C-D7A5-4445-B0F0-D9600E97E59A}.Debug.Profiler|Any CPU.ActiveCfg = Debug|Any CPU
		{A1C3657C-D7A5-4445-B0F0-D9600E97E59A}.Debug.Profiler|Any CPU.Build.0 = Debug|Any CPU
		{A1C3657C-D7A5-4445-B0F0-D9600E97E59A}.Debug.Profiler|x86.ActiveCfg = Debug|Any CPU
		{A1C3657C-D7A5-4445-B0F0-D9600E97E59A}.Debug.Profiler|x86.Build.0 = Debug|Any CPU
		{A1C3657C-D7A5-4445-B0F0-D9600E97E59A}.Debug.Tangerine|Any CPU.ActiveCfg = Debug|Any CPU
		{A1C3657C-D7A5-4445-B0F0-D9600E97E59A}.Debug.Tangerine|Any CPU.Build.0 = Debug|Any CPU
		{A1C3657C-D7A5-4445-B0F0-D9600E97E59A}.Debug.Tangerine|x86.ActiveCfg = Debug|Any CPU
		{A1C3657C-D7A5-4445-B0F0-D9600E97E59A}.Debug.Tangerine|x86.Build.0 = Debug|Any CPU
		{A1C3657C-D7A5-4445-B0F0-D9600E97E59A}.Debug|Any CPU.ActiveCfg = Debug|Any CPU
		{A1C3657C-D7A5-4445-B0F0-D9600E97E59A}.Debug|Any CPU.Build.0 = Debug|Any CPU
		{A1C3657C-D7A5-4445-B0F0-D9600E97E59A}.Debug|x86.ActiveCfg = Debug|Any CPU
		{A1C3657C-D7A5-4445-B0F0-D9600E97E59A}.Debug|x86.Build.0 = Debug|Any CPU
		{A1C3657C-D7A5-4445-B0F0-D9600E97E59A}.Profile|Any CPU.ActiveCfg = Debug|Any CPU
		{A1C3657C-D7A5-4445-B0F0-D9600E97E59A}.Profile|Any CPU.Build.0 = Debug|Any CPU
		{A1C3657C-D7A5-4445-B0F0-D9600E97E59A}.Profile|x86.ActiveCfg = Debug|Any CPU
		{A1C3657C-D7A5-4445-B0F0-D9600E97E59A}.Profile|x86.Build.0 = Debug|Any CPU
		{A1C3657C-D7A5-4445-B0F0-D9600E97E59A}.Release.Profiler|Any CPU.ActiveCfg = Release|Any CPU
		{A1C3657C-D7A5-4445-B0F0-D9600E97E59A}.Release.Profiler|Any CPU.Build.0 = Release|Any CPU
		{A1C3657C-D7A5-4445-B0F0-D9600E97E59A}.Release.Profiler|x86.ActiveCfg = Release|Any CPU
		{A1C3657C-D7A5-4445-B0F0-D9600E97E59A}.Release.Profiler|x86.Build.0 = Release|Any CPU
		{A1C3657C-D7A5-4445-B0F0-D9600E97E59A}.Release.Tangerine|Any CPU.ActiveCfg = Release|Any CPU
		{A1C3657C-D7A5-4445-B0F0-D9600E97E59A}.Release.Tangerine|Any CPU.Build.0 = Release|Any CPU
		{A1C3657C-D7A5-4445-B0F0-D9600E97E59A}.Release.Tangerine|x86.ActiveCfg = Release|Any CPU
		{A1C3657C-D7A5-4445-B0F0-D9600E97E59A}.Release.Tangerine|x86.Build.0 = Release|Any CPU
		{A1C3657C-D7A5-4445-B0F0-D9600E97E59A}.Release|Any CPU.ActiveCfg = Release|Any CPU
		{A1C3657C-D7A5-4445-B0F0-D9600E97E59A}.Release|Any CPU.Build.0 = Release|Any CPU
		{A1C3657C-D7A5-4445-B0F0-D9600E97E59A}.Release|x86.ActiveCfg = Release|Any CPU
		{A1C3657C-D7A5-4445-B0F0-D9600E97E59A}.Release|x86.Build.0 = Release|Any CPU
		{B7B40A81-683B-4869-86DB-EEFA0A88E669}.Debug.Profiler|Any CPU.ActiveCfg = Debug|Any CPU
		{B7B40A81-683B-4869-86DB-EEFA0A88E669}.Debug.Profiler|Any CPU.Build.0 = Debug|Any CPU
		{B7B40A81-683B-4869-86DB-EEFA0A88E669}.Debug.Profiler|x86.ActiveCfg = Debug|Any CPU
		{B7B40A81-683B-4869-86DB-EEFA0A88E669}.Debug.Profiler|x86.Build.0 = Debug|Any CPU
		{B7B40A81-683B-4869-86DB-EEFA0A88E669}.Debug.Tangerine|Any CPU.ActiveCfg = Debug|Any CPU
		{B7B40A81-683B-4869-86DB-EEFA0A88E669}.Debug.Tangerine|Any CPU.Build.0 = Debug|Any CPU
		{B7B40A81-683B-4869-86DB-EEFA0A88E669}.Debug.Tangerine|x86.ActiveCfg = Debug|Any CPU
		{B7B40A81-683B-4869-86DB-EEFA0A88E669}.Debug.Tangerine|x86.Build.0 = Debug|Any CPU
		{B7B40A81-683B-4869-86DB-EEFA0A88E669}.Debug|Any CPU.ActiveCfg = Debug|Any CPU
		{B7B40A81-683B-4869-86DB-EEFA0A88E669}.Debug|Any CPU.Build.0 = Debug|Any CPU
		{B7B40A81-683B-4869-86DB-EEFA0A88E669}.Debug|x86.ActiveCfg = Debug|Any CPU
		{B7B40A81-683B-4869-86DB-EEFA0A88E669}.Debug|x86.Build.0 = Debug|Any CPU
		{B7B40A81-683B-4869-86DB-EEFA0A88E669}.Profile|Any CPU.ActiveCfg = Debug|Any CPU
		{B7B40A81-683B-4869-86DB-EEFA0A88E669}.Profile|Any CPU.Build.0 = Debug|Any CPU
		{B7B40A81-683B-4869-86DB-EEFA0A88E669}.Profile|x86.ActiveCfg = Debug|Any CPU
		{B7B40A81-683B-4869-86DB-EEFA0A88E669}.Profile|x86.Build.0 = Debug|Any CPU
		{B7B40A81-683B-4869-86DB-EEFA0A88E669}.Release.Profiler|Any CPU.ActiveCfg = Release|Any CPU
		{B7B40A81-683B-4869-86DB-EEFA0A88E669}.Release.Profiler|Any CPU.Build.0 = Release|Any CPU
		{B7B40A81-683B-4869-86DB-EEFA0A88E669}.Release.Profiler|x86.ActiveCfg = Release|Any CPU
		{B7B40A81-683B-4869-86DB-EEFA0A88E669}.Release.Profiler|x86.Build.0 = Release|Any CPU
		{B7B40A81-683B-4869-86DB-EEFA0A88E669}.Release.Tangerine|Any CPU.ActiveCfg = Release|Any CPU
		{B7B40A81-683B-4869-86DB-EEFA0A88E669}.Release.Tangerine|Any CPU.Build.0 = Release|Any CPU
		{B7B40A81-683B-4869-86DB-EEFA0A88E669}.Release.Tangerine|x86.ActiveCfg = Release|Any CPU
		{B7B40A81-683B-4869-86DB-EEFA0A88E669}.Release.Tangerine|x86.Build.0 = Release|Any CPU
		{B7B40A81-683B-4869-86DB-EEFA0A88E669}.Release|Any CPU.ActiveCfg = Release|Any CPU
		{B7B40A81-683B-4869-86DB-EEFA0A88E669}.Release|Any CPU.Build.0 = Release|Any CPU
		{B7B40A81-683B-4869-86DB-EEFA0A88E669}.Release|x86.ActiveCfg = Release|Any CPU
		{B7B40A81-683B-4869-86DB-EEFA0A88E669}.Release|x86.Build.0 = Release|Any CPU
	EndGlobalSection
	GlobalSection(SolutionProperties) = preSolution
		HideSolutionNode = FALSE
	EndGlobalSection
	GlobalSection(ExtensibilityGlobals) = postSolution
		SolutionGuid = {E8C14942-0FAA-48CC-897B-84E65B209A38}
	EndGlobalSection
EndGlobal
