
Microsoft Visual Studio Solution File, Format Version 12.00
# Visual Studio Version 16
VisualStudioVersion = 16.0.808.8
MinimumVisualStudioVersion = 10.0.40219.1
Project("{FAE04EC0-301F-11D3-BF4B-00C04F79EFBC}") = "CitrusPlugin.Mac", "CitrusPlugin.Mac.csproj", "{572720C1-120A-4227-9D24-F4A4479B64DC}"
EndProject
Project("{FAE04EC0-301F-11D3-BF4B-00C04F79EFBC}") = "Orange.Mac", "..\..\..\\Orange\Orange.Mac.csproj", "{4B2BDD5A-2AAE-46AE-AA1A-8C9308BAA50D}"
EndProject
Project("{FAE04EC0-301F-11D3-BF4B-00C04F79EFBC}") = "Lime.Mac", "..\..\..\\Lime\Lime.Mac.csproj", "{DC16EEBF-404D-4610-B87A-15B57464D707}"
EndProject
Project("{FAE04EC0-301F-11D3-BF4B-00C04F79EFBC}") = "Lemon.Mac", "..\..\..\\Lemon\Lemon.Mac.csproj", "{BB697671-700C-455D-B8EE-66A6B122B949}"
EndProject
Project("{FAE04EC0-301F-11D3-BF4B-00C04F79EFBC}") = "Yuzu.Mac", "..\..\..\\Yuzu\Yuzu.Mac.csproj", "{5F16D8E4-A0F1-4341-83A0-3897FC44EBB8}"
EndProject
Project("{FAE04EC0-301F-11D3-BF4B-00C04F79EFBC}") = "ShaderCompilerBinding.Mac", "..\..\..\\3rdParty\ShaderCompilerBinding\ShaderCompilerBinding.Mac.csproj", "{94911E6A-53F9-4B86-9ADE-E3B510C810B9}"
EndProject
Project("{FAE04EC0-301F-11D3-BF4B-00C04F79EFBC}") = "MoltenVK", "..\..\..\\3rdParty\MoltenVK\MoltenVK.csproj", "{25A88ABB-AC39-41AD-92EF-DD91341863C8}"
EndProject
Project("{FAE04EC0-301F-11D3-BF4B-00C04F79EFBC}") = "Kumquat.Mac", "..\..\..\\Kumquat\Kumquat.Mac.csproj", "{56D2F029-2E73-4CF9-80C7-6175A9DBCFFE}"
EndProject
Project("{FAE04EC0-301F-11D3-BF4B-00C04F79EFBC}") = "DynamicFont.Mac", "..\..\..\\Lime\Extensions\DynamicFont\DynamicFont.Mac.csproj", "{B5F74505-80BB-4373-B194-219D743C1FA0}"
EndProject
Project("{FAE04EC0-301F-11D3-BF4B-00C04F79EFBC}") = "Tests.Types.Mac", "..\Tests.Types\Tests.Types.Mac.csproj", "{3B088699-719E-40AA-AF1D-6D436EEEDC23}"
EndProject
Project("{FAE04EC0-301F-11D3-BF4B-00C04F79EFBC}") = "Tangerine.Mac", "..\..\..\\Tangerine\Tangerine\Tangerine.Mac.csproj", "{836E69F0-39A3-47CA-94C5-FB9F605D49EB}"
EndProject
Project("{FAE04EC0-301F-11D3-BF4B-00C04F79EFBC}") = "Tangerine.Common.Mac", "..\..\..\\Tangerine\Tangerine.Common\Tangerine.Common.Mac.csproj", "{17DCD218-2ED0-4E5E-B0F1-50970A5287AB}"
EndProject
Project("{FAE04EC0-301F-11D3-BF4B-00C04F79EFBC}") = "Tangerine.Core.Mac", "..\..\..\\Tangerine\Tangerine.Core\Tangerine.Core.Mac.csproj", "{05FB6476-C29B-49A7-918C-A52CAF73FCA7}"
EndProject
Project("{FAE04EC0-301F-11D3-BF4B-00C04F79EFBC}") = "Tangerine.UI.Mac", "..\..\..\\Tangerine\Tangerine.UI\Tangerine.UI.Mac.csproj", "{E62BA18F-4E1A-466A-8299-67AD567F17E5}"
EndProject
Project("{FAE04EC0-301F-11D3-BF4B-00C04F79EFBC}") = "Tangerine.UI.AnimeshEditor.Mac", "..\..\..\\Tangerine\Tangerine.UI.AnimeshEditor\Tangerine.UI.AnimeshEditor.Mac.csproj", "{2B838A5F-68C3-4DF3-BF58-149EF1B9C70F}"
EndProject
Project("{FAE04EC0-301F-11D3-BF4B-00C04F79EFBC}") = "Tangerine.UI.FilesystemView.Mac", "..\..\..\\Tangerine\Tangerine.UI.FilesystemView\Tangerine.UI.FilesystemView.Mac.csproj", "{8799EA66-04E0-4075-95FE-BF0EC1BC88A1}"
EndProject
Project("{FAE04EC0-301F-11D3-BF4B-00C04F79EFBC}") = "Tangerine.UI.Inspector.Mac", "..\..\..\\Tangerine\Tangerine.UI.Inspector\Tangerine.UI.Inspector.Mac.csproj", "{D6B543CB-0223-4210-BB0F-7D8250760895}"
EndProject
Project("{FAE04EC0-301F-11D3-BF4B-00C04F79EFBC}") = "Tangerine.UI.Profiler.Mac", "..\..\..\\Tangerine\Tangerine.UI.Profiler\Tangerine.UI.Profiler.Mac.csproj", "{8E8C8ED3-63C2-407F-B626-CD9867E16353}"
EndProject
Project("{FAE04EC0-301F-11D3-BF4B-00C04F79EFBC}") = "Tangerine.UI.RemoteScripting.Mac", "..\..\..\\Tangerine\Tangerine.UI.RemoteScripting\Tangerine.UI.RemoteScripting.Mac.csproj", "{F93DA48E-2A86-4DC4-A392-102B1E567B3A}"
EndProject
Project("{FAE04EC0-301F-11D3-BF4B-00C04F79EFBC}") = "Tangerine.UI.SceneView.Mac", "..\..\..\\Tangerine\Tangerine.UI.SceneView\Tangerine.UI.SceneView.Mac.csproj", "{80486551-A659-42B0-AADA-165C54E9B0AF}"
EndProject
Project("{FAE04EC0-301F-11D3-BF4B-00C04F79EFBC}") = "Tangerine.UI.Timeline.Mac", "..\..\..\\Tangerine\Tangerine.UI.Timeline\Tangerine.UI.Timeline.Mac.csproj", "{FB325FE1-F328-4755-885F-E713BD7E7DAD}"
EndProject
Project("{FAE04EC0-301F-11D3-BF4B-00C04F79EFBC}") = "Orange.Mac.GUI", "..\..\..\\Orange\Orange.GUI\Orange.Mac.GUI.csproj", "{BC6D9E62-E83E-4FD6-ACA3-F3A5EBD1F1E2}"
EndProject
Global
	GlobalSection(SolutionConfigurationPlatforms) = preSolution
		Develop.Orange.Debug|Any CPU = Develop.Orange.Debug|Any CPU
		Develop.Orange.Release|Any CPU = Develop.Orange.Release|Any CPU
		Develop.Tangerine.Debug|Any CPU = Develop.Tangerine.Debug|Any CPU
		Develop.Tangerine.Release|Any CPU = Develop.Tangerine.Release|Any CPU
		Orange.Debug|Any CPU = Orange.Debug|Any CPU
		Orange.Release|Any CPU = Orange.Release|Any CPU
		Tangerine.Debug|Any CPU = Tangerine.Debug|Any CPU
		Tangerine.Release|Any CPU = Tangerine.Release|Any CPU
	EndGlobalSection
	GlobalSection(ProjectConfigurationPlatforms) = postSolution
		{572720C1-120A-4227-9D24-F4A4479B64DC}.Develop.Orange.Debug|Any CPU.ActiveCfg = Orange.Debug|Any CPU
		{572720C1-120A-4227-9D24-F4A4479B64DC}.Develop.Orange.Debug|Any CPU.Build.0 = Orange.Debug|Any CPU
		{572720C1-120A-4227-9D24-F4A4479B64DC}.Develop.Orange.Release|Any CPU.ActiveCfg = Orange.Release|Any CPU
		{572720C1-120A-4227-9D24-F4A4479B64DC}.Develop.Orange.Release|Any CPU.Build.0 = Orange.Release|Any CPU
		{572720C1-120A-4227-9D24-F4A4479B64DC}.Develop.Tangerine.Debug|Any CPU.ActiveCfg = Tangerine.Debug|Any CPU
		{572720C1-120A-4227-9D24-F4A4479B64DC}.Develop.Tangerine.Debug|Any CPU.Build.0 = Tangerine.Debug|Any CPU
		{572720C1-120A-4227-9D24-F4A4479B64DC}.Develop.Tangerine.Release|Any CPU.ActiveCfg = Tangerine.Release|Any CPU
		{572720C1-120A-4227-9D24-F4A4479B64DC}.Develop.Tangerine.Release|Any CPU.Build.0 = Tangerine.Release|Any CPU
		{572720C1-120A-4227-9D24-F4A4479B64DC}.Orange.Debug|Any CPU.ActiveCfg = Orange.Debug|Any CPU
		{572720C1-120A-4227-9D24-F4A4479B64DC}.Orange.Debug|Any CPU.Build.0 = Orange.Debug|Any CPU
		{572720C1-120A-4227-9D24-F4A4479B64DC}.Orange.Release|Any CPU.ActiveCfg = Orange.Release|Any CPU
		{572720C1-120A-4227-9D24-F4A4479B64DC}.Orange.Release|Any CPU.Build.0 = Orange.Release|Any CPU
		{572720C1-120A-4227-9D24-F4A4479B64DC}.Tangerine.Debug|Any CPU.ActiveCfg = Tangerine.Debug|Any CPU
		{572720C1-120A-4227-9D24-F4A4479B64DC}.Tangerine.Debug|Any CPU.Build.0 = Tangerine.Debug|Any CPU
		{572720C1-120A-4227-9D24-F4A4479B64DC}.Tangerine.Release|Any CPU.ActiveCfg = Tangerine.Release|Any CPU
		{572720C1-120A-4227-9D24-F4A4479B64DC}.Tangerine.Release|Any CPU.Build.0 = Tangerine.Release|Any CPU
		{4B2BDD5A-2AAE-46AE-AA1A-8C9308BAA50D}.Develop.Orange.Debug|Any CPU.ActiveCfg = Debug|Any CPU
		{4B2BDD5A-2AAE-46AE-AA1A-8C9308BAA50D}.Develop.Orange.Debug|Any CPU.Build.0 = Debug|Any CPU
		{4B2BDD5A-2AAE-46AE-AA1A-8C9308BAA50D}.Develop.Orange.Release|Any CPU.ActiveCfg = Debug|Any CPU
		{4B2BDD5A-2AAE-46AE-AA1A-8C9308BAA50D}.Develop.Orange.Release|Any CPU.Build.0 = Debug|Any CPU
		{4B2BDD5A-2AAE-46AE-AA1A-8C9308BAA50D}.Develop.Tangerine.Debug|Any CPU.ActiveCfg = Debug.Tangerine|Any CPU
		{4B2BDD5A-2AAE-46AE-AA1A-8C9308BAA50D}.Develop.Tangerine.Debug|Any CPU.Build.0 = Debug.Tangerine|Any CPU
		{4B2BDD5A-2AAE-46AE-AA1A-8C9308BAA50D}.Develop.Tangerine.Release|Any CPU.ActiveCfg = Release.Tangerine|Any CPU
		{4B2BDD5A-2AAE-46AE-AA1A-8C9308BAA50D}.Develop.Tangerine.Release|Any CPU.Build.0 = Release.Tangerine|Any CPU
		{4B2BDD5A-2AAE-46AE-AA1A-8C9308BAA50D}.Orange.Debug|Any CPU.ActiveCfg = Debug|Any CPU
		{4B2BDD5A-2AAE-46AE-AA1A-8C9308BAA50D}.Orange.Debug|Any CPU.Build.0 = Debug|Any CPU
		{4B2BDD5A-2AAE-46AE-AA1A-8C9308BAA50D}.Orange.Release|Any CPU.ActiveCfg = Debug|Any CPU
		{4B2BDD5A-2AAE-46AE-AA1A-8C9308BAA50D}.Orange.Release|Any CPU.Build.0 = Debug|Any CPU
		{4B2BDD5A-2AAE-46AE-AA1A-8C9308BAA50D}.Tangerine.Debug|Any CPU.ActiveCfg = Debug.Tangerine|Any CPU
		{4B2BDD5A-2AAE-46AE-AA1A-8C9308BAA50D}.Tangerine.Debug|Any CPU.Build.0 = Debug.Tangerine|Any CPU
		{4B2BDD5A-2AAE-46AE-AA1A-8C9308BAA50D}.Tangerine.Release|Any CPU.ActiveCfg = Release.Tangerine|Any CPU
		{4B2BDD5A-2AAE-46AE-AA1A-8C9308BAA50D}.Tangerine.Release|Any CPU.Build.0 = Release.Tangerine|Any CPU
		{DC16EEBF-404D-4610-B87A-15B57464D707}.Develop.Orange.Debug|Any CPU.ActiveCfg = Debug|Any CPU
		{DC16EEBF-404D-4610-B87A-15B57464D707}.Develop.Orange.Debug|Any CPU.Build.0 = Debug|Any CPU
		{DC16EEBF-404D-4610-B87A-15B57464D707}.Develop.Orange.Release|Any CPU.ActiveCfg = Debug|Any CPU
		{DC16EEBF-404D-4610-B87A-15B57464D707}.Develop.Orange.Release|Any CPU.Build.0 = Debug|Any CPU
		{DC16EEBF-404D-4610-B87A-15B57464D707}.Develop.Tangerine.Debug|Any CPU.ActiveCfg = Debug.Tangerine|Any CPU
		{DC16EEBF-404D-4610-B87A-15B57464D707}.Develop.Tangerine.Debug|Any CPU.Build.0 = Debug.Tangerine|Any CPU
		{DC16EEBF-404D-4610-B87A-15B57464D707}.Develop.Tangerine.Release|Any CPU.ActiveCfg = Release.Tangerine|Any CPU
		{DC16EEBF-404D-4610-B87A-15B57464D707}.Develop.Tangerine.Release|Any CPU.Build.0 = Release.Tangerine|Any CPU
		{DC16EEBF-404D-4610-B87A-15B57464D707}.Orange.Debug|Any CPU.ActiveCfg = Debug|Any CPU
		{DC16EEBF-404D-4610-B87A-15B57464D707}.Orange.Debug|Any CPU.Build.0 = Debug|Any CPU
		{DC16EEBF-404D-4610-B87A-15B57464D707}.Orange.Release|Any CPU.ActiveCfg = Debug|Any CPU
		{DC16EEBF-404D-4610-B87A-15B57464D707}.Orange.Release|Any CPU.Build.0 = Debug|Any CPU
		{DC16EEBF-404D-4610-B87A-15B57464D707}.Tangerine.Debug|Any CPU.ActiveCfg = Debug.Tangerine|Any CPU
		{DC16EEBF-404D-4610-B87A-15B57464D707}.Tangerine.Debug|Any CPU.Build.0 = Debug.Tangerine|Any CPU
		{DC16EEBF-404D-4610-B87A-15B57464D707}.Tangerine.Release|Any CPU.ActiveCfg = Release.Tangerine|Any CPU
		{DC16EEBF-404D-4610-B87A-15B57464D707}.Tangerine.Release|Any CPU.Build.0 = Release.Tangerine|Any CPU
		{BB697671-700C-455D-B8EE-66A6B122B949}.Develop.Orange.Debug|Any CPU.ActiveCfg = Debug|Any CPU
		{BB697671-700C-455D-B8EE-66A6B122B949}.Develop.Orange.Debug|Any CPU.Build.0 = Debug|Any CPU
		{BB697671-700C-455D-B8EE-66A6B122B949}.Develop.Orange.Release|Any CPU.ActiveCfg = Debug|Any CPU
		{BB697671-700C-455D-B8EE-66A6B122B949}.Develop.Orange.Release|Any CPU.Build.0 = Debug|Any CPU
		{BB697671-700C-455D-B8EE-66A6B122B949}.Develop.Tangerine.Debug|Any CPU.ActiveCfg = Debug|Any CPU
		{BB697671-700C-455D-B8EE-66A6B122B949}.Develop.Tangerine.Debug|Any CPU.Build.0 = Debug|Any CPU
		{BB697671-700C-455D-B8EE-66A6B122B949}.Develop.Tangerine.Release|Any CPU.ActiveCfg = Release|Any CPU
		{BB697671-700C-455D-B8EE-66A6B122B949}.Develop.Tangerine.Release|Any CPU.Build.0 = Release|Any CPU
		{BB697671-700C-455D-B8EE-66A6B122B949}.Orange.Debug|Any CPU.ActiveCfg = Debug|Any CPU
		{BB697671-700C-455D-B8EE-66A6B122B949}.Orange.Debug|Any CPU.Build.0 = Debug|Any CPU
		{BB697671-700C-455D-B8EE-66A6B122B949}.Orange.Release|Any CPU.ActiveCfg = Debug|Any CPU
		{BB697671-700C-455D-B8EE-66A6B122B949}.Orange.Release|Any CPU.Build.0 = Debug|Any CPU
		{BB697671-700C-455D-B8EE-66A6B122B949}.Tangerine.Debug|Any CPU.ActiveCfg = Debug|Any CPU
		{BB697671-700C-455D-B8EE-66A6B122B949}.Tangerine.Debug|Any CPU.Build.0 = Debug|Any CPU
		{BB697671-700C-455D-B8EE-66A6B122B949}.Tangerine.Release|Any CPU.ActiveCfg = Release|Any CPU
		{BB697671-700C-455D-B8EE-66A6B122B949}.Tangerine.Release|Any CPU.Build.0 = Release|Any CPU
		{5F16D8E4-A0F1-4341-83A0-3897FC44EBB8}.Develop.Orange.Debug|Any CPU.ActiveCfg = Debug|Any CPU
		{5F16D8E4-A0F1-4341-83A0-3897FC44EBB8}.Develop.Orange.Debug|Any CPU.Build.0 = Debug|Any CPU
		{5F16D8E4-A0F1-4341-83A0-3897FC44EBB8}.Develop.Orange.Release|Any CPU.ActiveCfg = Debug|Any CPU
		{5F16D8E4-A0F1-4341-83A0-3897FC44EBB8}.Develop.Orange.Release|Any CPU.Build.0 = Debug|Any CPU
		{5F16D8E4-A0F1-4341-83A0-3897FC44EBB8}.Develop.Tangerine.Debug|Any CPU.ActiveCfg = Debug|Any CPU
		{5F16D8E4-A0F1-4341-83A0-3897FC44EBB8}.Develop.Tangerine.Debug|Any CPU.Build.0 = Debug|Any CPU
		{5F16D8E4-A0F1-4341-83A0-3897FC44EBB8}.Develop.Tangerine.Release|Any CPU.ActiveCfg = Release|Any CPU
		{5F16D8E4-A0F1-4341-83A0-3897FC44EBB8}.Develop.Tangerine.Release|Any CPU.Build.0 = Release|Any CPU
		{5F16D8E4-A0F1-4341-83A0-3897FC44EBB8}.Orange.Debug|Any CPU.ActiveCfg = Debug|Any CPU
		{5F16D8E4-A0F1-4341-83A0-3897FC44EBB8}.Orange.Debug|Any CPU.Build.0 = Debug|Any CPU
		{5F16D8E4-A0F1-4341-83A0-3897FC44EBB8}.Orange.Release|Any CPU.ActiveCfg = Debug|Any CPU
		{5F16D8E4-A0F1-4341-83A0-3897FC44EBB8}.Orange.Release|Any CPU.Build.0 = Debug|Any CPU
		{5F16D8E4-A0F1-4341-83A0-3897FC44EBB8}.Tangerine.Debug|Any CPU.ActiveCfg = Debug|Any CPU
		{5F16D8E4-A0F1-4341-83A0-3897FC44EBB8}.Tangerine.Debug|Any CPU.Build.0 = Debug|Any CPU
		{5F16D8E4-A0F1-4341-83A0-3897FC44EBB8}.Tangerine.Release|Any CPU.ActiveCfg = Release|Any CPU
		{5F16D8E4-A0F1-4341-83A0-3897FC44EBB8}.Tangerine.Release|Any CPU.Build.0 = Release|Any CPU
		{94911E6A-53F9-4B86-9ADE-E3B510C810B9}.Develop.Orange.Debug|Any CPU.ActiveCfg = Debug|Any CPU
		{94911E6A-53F9-4B86-9ADE-E3B510C810B9}.Develop.Orange.Debug|Any CPU.Build.0 = Debug|Any CPU
		{94911E6A-53F9-4B86-9ADE-E3B510C810B9}.Develop.Orange.Release|Any CPU.ActiveCfg = Debug|Any CPU
		{94911E6A-53F9-4B86-9ADE-E3B510C810B9}.Develop.Orange.Release|Any CPU.Build.0 = Debug|Any CPU
		{94911E6A-53F9-4B86-9ADE-E3B510C810B9}.Develop.Tangerine.Debug|Any CPU.ActiveCfg = Debug|Any CPU
		{94911E6A-53F9-4B86-9ADE-E3B510C810B9}.Develop.Tangerine.Debug|Any CPU.Build.0 = Debug|Any CPU
		{94911E6A-53F9-4B86-9ADE-E3B510C810B9}.Develop.Tangerine.Release|Any CPU.ActiveCfg = Release|Any CPU
		{94911E6A-53F9-4B86-9ADE-E3B510C810B9}.Develop.Tangerine.Release|Any CPU.Build.0 = Release|Any CPU
		{94911E6A-53F9-4B86-9ADE-E3B510C810B9}.Orange.Debug|Any CPU.ActiveCfg = Debug|Any CPU
		{94911E6A-53F9-4B86-9ADE-E3B510C810B9}.Orange.Debug|Any CPU.Build.0 = Debug|Any CPU
		{94911E6A-53F9-4B86-9ADE-E3B510C810B9}.Orange.Release|Any CPU.ActiveCfg = Debug|Any CPU
		{94911E6A-53F9-4B86-9ADE-E3B510C810B9}.Orange.Release|Any CPU.Build.0 = Debug|Any CPU
		{94911E6A-53F9-4B86-9ADE-E3B510C810B9}.Tangerine.Debug|Any CPU.ActiveCfg = Debug|Any CPU
		{94911E6A-53F9-4B86-9ADE-E3B510C810B9}.Tangerine.Debug|Any CPU.Build.0 = Debug|Any CPU
		{94911E6A-53F9-4B86-9ADE-E3B510C810B9}.Tangerine.Release|Any CPU.ActiveCfg = Release|Any CPU
		{94911E6A-53F9-4B86-9ADE-E3B510C810B9}.Tangerine.Release|Any CPU.Build.0 = Release|Any CPU
		{25A88ABB-AC39-41AD-92EF-DD91341863C8}.Develop.Orange.Debug|Any CPU.ActiveCfg = Debug|Any CPU
		{25A88ABB-AC39-41AD-92EF-DD91341863C8}.Develop.Orange.Debug|Any CPU.Build.0 = Debug|Any CPU
		{25A88ABB-AC39-41AD-92EF-DD91341863C8}.Develop.Orange.Release|Any CPU.ActiveCfg = Debug|Any CPU
		{25A88ABB-AC39-41AD-92EF-DD91341863C8}.Develop.Orange.Release|Any CPU.Build.0 = Debug|Any CPU
		{25A88ABB-AC39-41AD-92EF-DD91341863C8}.Develop.Tangerine.Debug|Any CPU.ActiveCfg = Debug|Any CPU
		{25A88ABB-AC39-41AD-92EF-DD91341863C8}.Develop.Tangerine.Debug|Any CPU.Build.0 = Debug|Any CPU
		{25A88ABB-AC39-41AD-92EF-DD91341863C8}.Develop.Tangerine.Release|Any CPU.ActiveCfg = Release|Any CPU
		{25A88ABB-AC39-41AD-92EF-DD91341863C8}.Develop.Tangerine.Release|Any CPU.Build.0 = Release|Any CPU
		{25A88ABB-AC39-41AD-92EF-DD91341863C8}.Orange.Debug|Any CPU.ActiveCfg = Debug|Any CPU
		{25A88ABB-AC39-41AD-92EF-DD91341863C8}.Orange.Debug|Any CPU.Build.0 = Debug|Any CPU
		{25A88ABB-AC39-41AD-92EF-DD91341863C8}.Orange.Release|Any CPU.ActiveCfg = Debug|Any CPU
		{25A88ABB-AC39-41AD-92EF-DD91341863C8}.Orange.Release|Any CPU.Build.0 = Debug|Any CPU
		{25A88ABB-AC39-41AD-92EF-DD91341863C8}.Tangerine.Debug|Any CPU.ActiveCfg = Debug|Any CPU
		{25A88ABB-AC39-41AD-92EF-DD91341863C8}.Tangerine.Debug|Any CPU.Build.0 = Debug|Any CPU
		{25A88ABB-AC39-41AD-92EF-DD91341863C8}.Tangerine.Release|Any CPU.ActiveCfg = Release|Any CPU
		{25A88ABB-AC39-41AD-92EF-DD91341863C8}.Tangerine.Release|Any CPU.Build.0 = Release|Any CPU
		{56D2F029-2E73-4CF9-80C7-6175A9DBCFFE}.Develop.Orange.Debug|Any CPU.ActiveCfg = Debug|Any CPU
		{56D2F029-2E73-4CF9-80C7-6175A9DBCFFE}.Develop.Orange.Debug|Any CPU.Build.0 = Debug|Any CPU
		{56D2F029-2E73-4CF9-80C7-6175A9DBCFFE}.Develop.Orange.Release|Any CPU.ActiveCfg = Debug|Any CPU
		{56D2F029-2E73-4CF9-80C7-6175A9DBCFFE}.Develop.Orange.Release|Any CPU.Build.0 = Debug|Any CPU
		{56D2F029-2E73-4CF9-80C7-6175A9DBCFFE}.Develop.Tangerine.Debug|Any CPU.ActiveCfg = Debug|Any CPU
		{56D2F029-2E73-4CF9-80C7-6175A9DBCFFE}.Develop.Tangerine.Debug|Any CPU.Build.0 = Debug|Any CPU
		{56D2F029-2E73-4CF9-80C7-6175A9DBCFFE}.Develop.Tangerine.Release|Any CPU.ActiveCfg = Release|Any CPU
		{56D2F029-2E73-4CF9-80C7-6175A9DBCFFE}.Develop.Tangerine.Release|Any CPU.Build.0 = Release|Any CPU
		{56D2F029-2E73-4CF9-80C7-6175A9DBCFFE}.Orange.Debug|Any CPU.ActiveCfg = Debug|Any CPU
		{56D2F029-2E73-4CF9-80C7-6175A9DBCFFE}.Orange.Debug|Any CPU.Build.0 = Debug|Any CPU
		{56D2F029-2E73-4CF9-80C7-6175A9DBCFFE}.Orange.Release|Any CPU.ActiveCfg = Debug|Any CPU
		{56D2F029-2E73-4CF9-80C7-6175A9DBCFFE}.Orange.Release|Any CPU.Build.0 = Debug|Any CPU
		{56D2F029-2E73-4CF9-80C7-6175A9DBCFFE}.Tangerine.Debug|Any CPU.ActiveCfg = Debug|Any CPU
		{56D2F029-2E73-4CF9-80C7-6175A9DBCFFE}.Tangerine.Debug|Any CPU.Build.0 = Debug|Any CPU
		{56D2F029-2E73-4CF9-80C7-6175A9DBCFFE}.Tangerine.Release|Any CPU.ActiveCfg = Release|Any CPU
		{56D2F029-2E73-4CF9-80C7-6175A9DBCFFE}.Tangerine.Release|Any CPU.Build.0 = Release|Any CPU
		{B5F74505-80BB-4373-B194-219D743C1FA0}.Develop.Orange.Debug|Any CPU.ActiveCfg = Debug|Any CPU
		{B5F74505-80BB-4373-B194-219D743C1FA0}.Develop.Orange.Debug|Any CPU.Build.0 = Debug|Any CPU
		{B5F74505-80BB-4373-B194-219D743C1FA0}.Develop.Orange.Release|Any CPU.ActiveCfg = Debug|Any CPU
		{B5F74505-80BB-4373-B194-219D743C1FA0}.Develop.Orange.Release|Any CPU.Build.0 = Debug|Any CPU
		{B5F74505-80BB-4373-B194-219D743C1FA0}.Develop.Tangerine.Debug|Any CPU.ActiveCfg = Debug|Any CPU
		{B5F74505-80BB-4373-B194-219D743C1FA0}.Develop.Tangerine.Debug|Any CPU.Build.0 = Debug|Any CPU
		{B5F74505-80BB-4373-B194-219D743C1FA0}.Develop.Tangerine.Release|Any CPU.ActiveCfg = Release|Any CPU
		{B5F74505-80BB-4373-B194-219D743C1FA0}.Develop.Tangerine.Release|Any CPU.Build.0 = Release|Any CPU
		{B5F74505-80BB-4373-B194-219D743C1FA0}.Orange.Debug|Any CPU.ActiveCfg = Debug|Any CPU
		{B5F74505-80BB-4373-B194-219D743C1FA0}.Orange.Debug|Any CPU.Build.0 = Debug|Any CPU
		{B5F74505-80BB-4373-B194-219D743C1FA0}.Orange.Release|Any CPU.ActiveCfg = Debug|Any CPU
		{B5F74505-80BB-4373-B194-219D743C1FA0}.Orange.Release|Any CPU.Build.0 = Debug|Any CPU
		{B5F74505-80BB-4373-B194-219D743C1FA0}.Tangerine.Debug|Any CPU.ActiveCfg = Debug|Any CPU
		{B5F74505-80BB-4373-B194-219D743C1FA0}.Tangerine.Debug|Any CPU.Build.0 = Debug|Any CPU
		{B5F74505-80BB-4373-B194-219D743C1FA0}.Tangerine.Release|Any CPU.ActiveCfg = Release|Any CPU
		{B5F74505-80BB-4373-B194-219D743C1FA0}.Tangerine.Release|Any CPU.Build.0 = Release|Any CPU
		{3B088699-719E-40AA-AF1D-6D436EEEDC23}.Develop.Orange.Debug|Any CPU.ActiveCfg = Orange.Debug|Any CPU
		{3B088699-719E-40AA-AF1D-6D436EEEDC23}.Develop.Orange.Debug|Any CPU.Build.0 = Orange.Debug|Any CPU
		{3B088699-719E-40AA-AF1D-6D436EEEDC23}.Develop.Orange.Release|Any CPU.ActiveCfg = Orange.Release|Any CPU
		{3B088699-719E-40AA-AF1D-6D436EEEDC23}.Develop.Orange.Release|Any CPU.Build.0 = Orange.Release|Any CPU
		{3B088699-719E-40AA-AF1D-6D436EEEDC23}.Develop.Tangerine.Debug|Any CPU.ActiveCfg = Tangerine.Debug|Any CPU
		{3B088699-719E-40AA-AF1D-6D436EEEDC23}.Develop.Tangerine.Debug|Any CPU.Build.0 = Tangerine.Debug|Any CPU
		{3B088699-719E-40AA-AF1D-6D436EEEDC23}.Develop.Tangerine.Release|Any CPU.ActiveCfg = Tangerine.Release|Any CPU
		{3B088699-719E-40AA-AF1D-6D436EEEDC23}.Develop.Tangerine.Release|Any CPU.Build.0 = Tangerine.Release|Any CPU
		{3B088699-719E-40AA-AF1D-6D436EEEDC23}.Orange.Debug|Any CPU.ActiveCfg = Orange.Debug|Any CPU
		{3B088699-719E-40AA-AF1D-6D436EEEDC23}.Orange.Debug|Any CPU.Build.0 = Orange.Debug|Any CPU
		{3B088699-719E-40AA-AF1D-6D436EEEDC23}.Orange.Release|Any CPU.ActiveCfg = Orange.Release|Any CPU
		{3B088699-719E-40AA-AF1D-6D436EEEDC23}.Orange.Release|Any CPU.Build.0 = Orange.Release|Any CPU
		{3B088699-719E-40AA-AF1D-6D436EEEDC23}.Tangerine.Debug|Any CPU.ActiveCfg = Tangerine.Debug|Any CPU
		{3B088699-719E-40AA-AF1D-6D436EEEDC23}.Tangerine.Debug|Any CPU.Build.0 = Tangerine.Debug|Any CPU
		{3B088699-719E-40AA-AF1D-6D436EEEDC23}.Tangerine.Release|Any CPU.ActiveCfg = Tangerine.Release|Any CPU
		{3B088699-719E-40AA-AF1D-6D436EEEDC23}.Tangerine.Release|Any CPU.Build.0 = Tangerine.Release|Any CPU
		{836E69F0-39A3-47CA-94C5-FB9F605D49EB}.Develop.Orange.Debug|Any CPU.ActiveCfg = Debug|Any CPU
		{836E69F0-39A3-47CA-94C5-FB9F605D49EB}.Develop.Orange.Release|Any CPU.ActiveCfg = Release|Any CPU
		{836E69F0-39A3-47CA-94C5-FB9F605D49EB}.Develop.Tangerine.Debug|Any CPU.ActiveCfg = Debug|Any CPU
		{836E69F0-39A3-47CA-94C5-FB9F605D49EB}.Develop.Tangerine.Debug|Any CPU.Build.0 = Debug|Any CPU
		{836E69F0-39A3-47CA-94C5-FB9F605D49EB}.Develop.Tangerine.Release|Any CPU.ActiveCfg = Release|Any CPU
		{836E69F0-39A3-47CA-94C5-FB9F605D49EB}.Develop.Tangerine.Release|Any CPU.Build.0 = Release|Any CPU
		{836E69F0-39A3-47CA-94C5-FB9F605D49EB}.Orange.Debug|Any CPU.ActiveCfg = Debug|Any CPU
		{836E69F0-39A3-47CA-94C5-FB9F605D49EB}.Orange.Release|Any CPU.ActiveCfg = Release|Any CPU
		{836E69F0-39A3-47CA-94C5-FB9F605D49EB}.Tangerine.Debug|Any CPU.ActiveCfg = Debug|Any CPU
		{836E69F0-39A3-47CA-94C5-FB9F605D49EB}.Tangerine.Release|Any CPU.ActiveCfg = Release|Any CPU
		{17DCD218-2ED0-4E5E-B0F1-50970A5287AB}.Develop.Orange.Debug|Any CPU.ActiveCfg = Debug|Any CPU
		{17DCD218-2ED0-4E5E-B0F1-50970A5287AB}.Develop.Orange.Release|Any CPU.ActiveCfg = Release|Any CPU
		{17DCD218-2ED0-4E5E-B0F1-50970A5287AB}.Develop.Tangerine.Debug|Any CPU.ActiveCfg = Debug|Any CPU
		{17DCD218-2ED0-4E5E-B0F1-50970A5287AB}.Develop.Tangerine.Debug|Any CPU.Build.0 = Debug|Any CPU
		{17DCD218-2ED0-4E5E-B0F1-50970A5287AB}.Develop.Tangerine.Release|Any CPU.ActiveCfg = Release|Any CPU
		{17DCD218-2ED0-4E5E-B0F1-50970A5287AB}.Develop.Tangerine.Release|Any CPU.Build.0 = Release|Any CPU
		{17DCD218-2ED0-4E5E-B0F1-50970A5287AB}.Orange.Debug|Any CPU.ActiveCfg = Debug|Any CPU
		{17DCD218-2ED0-4E5E-B0F1-50970A5287AB}.Orange.Release|Any CPU.ActiveCfg = Release|Any CPU
		{17DCD218-2ED0-4E5E-B0F1-50970A5287AB}.Tangerine.Debug|Any CPU.ActiveCfg = Debug|Any CPU
		{17DCD218-2ED0-4E5E-B0F1-50970A5287AB}.Tangerine.Debug|Any CPU.Build.0 = Debug|Any CPU
		{17DCD218-2ED0-4E5E-B0F1-50970A5287AB}.Tangerine.Release|Any CPU.ActiveCfg = Release|Any CPU
		{17DCD218-2ED0-4E5E-B0F1-50970A5287AB}.Tangerine.Release|Any CPU.Build.0 = Release|Any CPU
		{05FB6476-C29B-49A7-918C-A52CAF73FCA7}.Develop.Orange.Debug|Any CPU.ActiveCfg = Debug|Any CPU
		{05FB6476-C29B-49A7-918C-A52CAF73FCA7}.Develop.Orange.Release|Any CPU.ActiveCfg = Release|Any CPU
		{05FB6476-C29B-49A7-918C-A52CAF73FCA7}.Develop.Tangerine.Debug|Any CPU.ActiveCfg = Debug|Any CPU
		{05FB6476-C29B-49A7-918C-A52CAF73FCA7}.Develop.Tangerine.Debug|Any CPU.Build.0 = Debug|Any CPU
		{05FB6476-C29B-49A7-918C-A52CAF73FCA7}.Develop.Tangerine.Release|Any CPU.ActiveCfg = Release|Any CPU
		{05FB6476-C29B-49A7-918C-A52CAF73FCA7}.Develop.Tangerine.Release|Any CPU.Build.0 = Release|Any CPU
		{05FB6476-C29B-49A7-918C-A52CAF73FCA7}.Orange.Debug|Any CPU.ActiveCfg = Debug|Any CPU
		{05FB6476-C29B-49A7-918C-A52CAF73FCA7}.Orange.Release|Any CPU.ActiveCfg = Release|Any CPU
		{05FB6476-C29B-49A7-918C-A52CAF73FCA7}.Tangerine.Debug|Any CPU.ActiveCfg = Debug|Any CPU
		{05FB6476-C29B-49A7-918C-A52CAF73FCA7}.Tangerine.Debug|Any CPU.Build.0 = Debug|Any CPU
		{05FB6476-C29B-49A7-918C-A52CAF73FCA7}.Tangerine.Release|Any CPU.ActiveCfg = Release|Any CPU
		{05FB6476-C29B-49A7-918C-A52CAF73FCA7}.Tangerine.Release|Any CPU.Build.0 = Release|Any CPU
		{E62BA18F-4E1A-466A-8299-67AD567F17E5}.Develop.Orange.Debug|Any CPU.ActiveCfg = Debug|Any CPU
		{E62BA18F-4E1A-466A-8299-67AD567F17E5}.Develop.Orange.Release|Any CPU.ActiveCfg = Release|Any CPU
		{E62BA18F-4E1A-466A-8299-67AD567F17E5}.Develop.Tangerine.Debug|Any CPU.ActiveCfg = Debug|Any CPU
		{E62BA18F-4E1A-466A-8299-67AD567F17E5}.Develop.Tangerine.Debug|Any CPU.Build.0 = Debug|Any CPU
		{E62BA18F-4E1A-466A-8299-67AD567F17E5}.Develop.Tangerine.Release|Any CPU.ActiveCfg = Release|Any CPU
		{E62BA18F-4E1A-466A-8299-67AD567F17E5}.Develop.Tangerine.Release|Any CPU.Build.0 = Release|Any CPU
		{E62BA18F-4E1A-466A-8299-67AD567F17E5}.Orange.Debug|Any CPU.ActiveCfg = Debug|Any CPU
		{E62BA18F-4E1A-466A-8299-67AD567F17E5}.Orange.Release|Any CPU.ActiveCfg = Release|Any CPU
		{E62BA18F-4E1A-466A-8299-67AD567F17E5}.Tangerine.Debug|Any CPU.ActiveCfg = Debug|Any CPU
		{E62BA18F-4E1A-466A-8299-67AD567F17E5}.Tangerine.Debug|Any CPU.Build.0 = Debug|Any CPU
		{E62BA18F-4E1A-466A-8299-67AD567F17E5}.Tangerine.Release|Any CPU.ActiveCfg = Release|Any CPU
		{E62BA18F-4E1A-466A-8299-67AD567F17E5}.Tangerine.Release|Any CPU.Build.0 = Release|Any CPU
		{2B838A5F-68C3-4DF3-BF58-149EF1B9C70F}.Develop.Orange.Debug|Any CPU.ActiveCfg = Debug|Any CPU
		{2B838A5F-68C3-4DF3-BF58-149EF1B9C70F}.Develop.Orange.Release|Any CPU.ActiveCfg = Release|Any CPU
		{2B838A5F-68C3-4DF3-BF58-149EF1B9C70F}.Develop.Tangerine.Debug|Any CPU.ActiveCfg = Debug|Any CPU
		{2B838A5F-68C3-4DF3-BF58-149EF1B9C70F}.Develop.Tangerine.Debug|Any CPU.Build.0 = Debug|Any CPU
		{2B838A5F-68C3-4DF3-BF58-149EF1B9C70F}.Develop.Tangerine.Release|Any CPU.ActiveCfg = Release|Any CPU
		{2B838A5F-68C3-4DF3-BF58-149EF1B9C70F}.Develop.Tangerine.Release|Any CPU.Build.0 = Release|Any CPU
		{2B838A5F-68C3-4DF3-BF58-149EF1B9C70F}.Orange.Debug|Any CPU.ActiveCfg = Debug|Any CPU
		{2B838A5F-68C3-4DF3-BF58-149EF1B9C70F}.Orange.Release|Any CPU.ActiveCfg = Release|Any CPU
		{2B838A5F-68C3-4DF3-BF58-149EF1B9C70F}.Tangerine.Debug|Any CPU.ActiveCfg = Debug|Any CPU
		{2B838A5F-68C3-4DF3-BF58-149EF1B9C70F}.Tangerine.Debug|Any CPU.Build.0 = Debug|Any CPU
		{2B838A5F-68C3-4DF3-BF58-149EF1B9C70F}.Tangerine.Release|Any CPU.ActiveCfg = Release|Any CPU
		{2B838A5F-68C3-4DF3-BF58-149EF1B9C70F}.Tangerine.Release|Any CPU.Build.0 = Release|Any CPU
		{8799EA66-04E0-4075-95FE-BF0EC1BC88A1}.Develop.Orange.Debug|Any CPU.ActiveCfg = Debug|Any CPU
		{8799EA66-04E0-4075-95FE-BF0EC1BC88A1}.Develop.Orange.Release|Any CPU.ActiveCfg = Release|Any CPU
		{8799EA66-04E0-4075-95FE-BF0EC1BC88A1}.Develop.Tangerine.Debug|Any CPU.ActiveCfg = Debug|Any CPU
		{8799EA66-04E0-4075-95FE-BF0EC1BC88A1}.Develop.Tangerine.Debug|Any CPU.Build.0 = Debug|Any CPU
		{8799EA66-04E0-4075-95FE-BF0EC1BC88A1}.Develop.Tangerine.Release|Any CPU.ActiveCfg = Release|Any CPU
		{8799EA66-04E0-4075-95FE-BF0EC1BC88A1}.Develop.Tangerine.Release|Any CPU.Build.0 = Release|Any CPU
		{8799EA66-04E0-4075-95FE-BF0EC1BC88A1}.Orange.Debug|Any CPU.ActiveCfg = Debug|Any CPU
		{8799EA66-04E0-4075-95FE-BF0EC1BC88A1}.Orange.Release|Any CPU.ActiveCfg = Release|Any CPU
		{8799EA66-04E0-4075-95FE-BF0EC1BC88A1}.Tangerine.Debug|Any CPU.ActiveCfg = Debug|Any CPU
		{8799EA66-04E0-4075-95FE-BF0EC1BC88A1}.Tangerine.Debug|Any CPU.Build.0 = Debug|Any CPU
		{8799EA66-04E0-4075-95FE-BF0EC1BC88A1}.Tangerine.Release|Any CPU.ActiveCfg = Release|Any CPU
		{8799EA66-04E0-4075-95FE-BF0EC1BC88A1}.Tangerine.Release|Any CPU.Build.0 = Release|Any CPU
		{D6B543CB-0223-4210-BB0F-7D8250760895}.Develop.Orange.Debug|Any CPU.ActiveCfg = Debug|Any CPU
		{D6B543CB-0223-4210-BB0F-7D8250760895}.Develop.Orange.Release|Any CPU.ActiveCfg = Release|Any CPU
		{D6B543CB-0223-4210-BB0F-7D8250760895}.Develop.Tangerine.Debug|Any CPU.ActiveCfg = Debug|Any CPU
		{D6B543CB-0223-4210-BB0F-7D8250760895}.Develop.Tangerine.Debug|Any CPU.Build.0 = Debug|Any CPU
		{D6B543CB-0223-4210-BB0F-7D8250760895}.Develop.Tangerine.Release|Any CPU.ActiveCfg = Release|Any CPU
		{D6B543CB-0223-4210-BB0F-7D8250760895}.Develop.Tangerine.Release|Any CPU.Build.0 = Release|Any CPU
		{D6B543CB-0223-4210-BB0F-7D8250760895}.Orange.Debug|Any CPU.ActiveCfg = Debug|Any CPU
		{D6B543CB-0223-4210-BB0F-7D8250760895}.Orange.Release|Any CPU.ActiveCfg = Release|Any CPU
		{D6B543CB-0223-4210-BB0F-7D8250760895}.Tangerine.Debug|Any CPU.ActiveCfg = Debug|Any CPU
		{D6B543CB-0223-4210-BB0F-7D8250760895}.Tangerine.Debug|Any CPU.Build.0 = Debug|Any CPU
		{D6B543CB-0223-4210-BB0F-7D8250760895}.Tangerine.Release|Any CPU.ActiveCfg = Release|Any CPU
		{D6B543CB-0223-4210-BB0F-7D8250760895}.Tangerine.Release|Any CPU.Build.0 = Release|Any CPU
		{8E8C8ED3-63C2-407F-B626-CD9867E16353}.Develop.Orange.Debug|Any CPU.ActiveCfg = Debug|Any CPU
		{8E8C8ED3-63C2-407F-B626-CD9867E16353}.Develop.Orange.Release|Any CPU.ActiveCfg = Release|Any CPU
		{8E8C8ED3-63C2-407F-B626-CD9867E16353}.Develop.Tangerine.Debug|Any CPU.ActiveCfg = Debug|Any CPU
		{8E8C8ED3-63C2-407F-B626-CD9867E16353}.Develop.Tangerine.Debug|Any CPU.Build.0 = Debug|Any CPU
		{8E8C8ED3-63C2-407F-B626-CD9867E16353}.Develop.Tangerine.Release|Any CPU.ActiveCfg = Release|Any CPU
		{8E8C8ED3-63C2-407F-B626-CD9867E16353}.Develop.Tangerine.Release|Any CPU.Build.0 = Release|Any CPU
		{8E8C8ED3-63C2-407F-B626-CD9867E16353}.Orange.Debug|Any CPU.ActiveCfg = Debug|Any CPU
		{8E8C8ED3-63C2-407F-B626-CD9867E16353}.Orange.Release|Any CPU.ActiveCfg = Release|Any CPU
		{8E8C8ED3-63C2-407F-B626-CD9867E16353}.Tangerine.Debug|Any CPU.ActiveCfg = Debug|Any CPU
		{8E8C8ED3-63C2-407F-B626-CD9867E16353}.Tangerine.Debug|Any CPU.Build.0 = Debug|Any CPU
		{8E8C8ED3-63C2-407F-B626-CD9867E16353}.Tangerine.Release|Any CPU.ActiveCfg = Release|Any CPU
		{8E8C8ED3-63C2-407F-B626-CD9867E16353}.Tangerine.Release|Any CPU.Build.0 = Release|Any CPU
		{F93DA48E-2A86-4DC4-A392-102B1E567B3A}.Develop.Orange.Debug|Any CPU.ActiveCfg = Debug|Any CPU
		{F93DA48E-2A86-4DC4-A392-102B1E567B3A}.Develop.Orange.Release|Any CPU.ActiveCfg = Release|Any CPU
		{F93DA48E-2A86-4DC4-A392-102B1E567B3A}.Develop.Tangerine.Debug|Any CPU.ActiveCfg = Debug|Any CPU
		{F93DA48E-2A86-4DC4-A392-102B1E567B3A}.Develop.Tangerine.Debug|Any CPU.Build.0 = Debug|Any CPU
		{F93DA48E-2A86-4DC4-A392-102B1E567B3A}.Develop.Tangerine.Release|Any CPU.ActiveCfg = Release|Any CPU
		{F93DA48E-2A86-4DC4-A392-102B1E567B3A}.Develop.Tangerine.Release|Any CPU.Build.0 = Release|Any CPU
		{F93DA48E-2A86-4DC4-A392-102B1E567B3A}.Orange.Debug|Any CPU.ActiveCfg = Debug|Any CPU
		{F93DA48E-2A86-4DC4-A392-102B1E567B3A}.Orange.Release|Any CPU.ActiveCfg = Release|Any CPU
		{F93DA48E-2A86-4DC4-A392-102B1E567B3A}.Tangerine.Debug|Any CPU.ActiveCfg = Debug|Any CPU
		{F93DA48E-2A86-4DC4-A392-102B1E567B3A}.Tangerine.Debug|Any CPU.Build.0 = Debug|Any CPU
		{F93DA48E-2A86-4DC4-A392-102B1E567B3A}.Tangerine.Release|Any CPU.ActiveCfg = Release|Any CPU
		{F93DA48E-2A86-4DC4-A392-102B1E567B3A}.Tangerine.Release|Any CPU.Build.0 = Release|Any CPU
		{80486551-A659-42B0-AADA-165C54E9B0AF}.Develop.Orange.Debug|Any CPU.ActiveCfg = Debug|Any CPU
		{80486551-A659-42B0-AADA-165C54E9B0AF}.Develop.Orange.Release|Any CPU.ActiveCfg = Release|Any CPU
		{80486551-A659-42B0-AADA-165C54E9B0AF}.Develop.Tangerine.Debug|Any CPU.ActiveCfg = Debug|Any CPU
		{80486551-A659-42B0-AADA-165C54E9B0AF}.Develop.Tangerine.Debug|Any CPU.Build.0 = Debug|Any CPU
		{80486551-A659-42B0-AADA-165C54E9B0AF}.Develop.Tangerine.Release|Any CPU.ActiveCfg = Release|Any CPU
		{80486551-A659-42B0-AADA-165C54E9B0AF}.Develop.Tangerine.Release|Any CPU.Build.0 = Release|Any CPU
		{80486551-A659-42B0-AADA-165C54E9B0AF}.Orange.Debug|Any CPU.ActiveCfg = Debug|Any CPU
		{80486551-A659-42B0-AADA-165C54E9B0AF}.Orange.Release|Any CPU.ActiveCfg = Release|Any CPU
		{80486551-A659-42B0-AADA-165C54E9B0AF}.Tangerine.Debug|Any CPU.ActiveCfg = Debug|Any CPU
		{80486551-A659-42B0-AADA-165C54E9B0AF}.Tangerine.Debug|Any CPU.Build.0 = Debug|Any CPU
		{80486551-A659-42B0-AADA-165C54E9B0AF}.Tangerine.Release|Any CPU.ActiveCfg = Release|Any CPU
		{80486551-A659-42B0-AADA-165C54E9B0AF}.Tangerine.Release|Any CPU.Build.0 = Release|Any CPU
		{FB325FE1-F328-4755-885F-E713BD7E7DAD}.Develop.Orange.Debug|Any CPU.ActiveCfg = Debug|Any CPU
		{FB325FE1-F328-4755-885F-E713BD7E7DAD}.Develop.Orange.Release|Any CPU.ActiveCfg = Release|Any CPU
		{FB325FE1-F328-4755-885F-E713BD7E7DAD}.Develop.Tangerine.Debug|Any CPU.ActiveCfg = Debug|Any CPU
		{FB325FE1-F328-4755-885F-E713BD7E7DAD}.Develop.Tangerine.Debug|Any CPU.Build.0 = Debug|Any CPU
		{FB325FE1-F328-4755-885F-E713BD7E7DAD}.Develop.Tangerine.Release|Any CPU.ActiveCfg = Release|Any CPU
		{FB325FE1-F328-4755-885F-E713BD7E7DAD}.Develop.Tangerine.Release|Any CPU.Build.0 = Release|Any CPU
		{FB325FE1-F328-4755-885F-E713BD7E7DAD}.Orange.Debug|Any CPU.ActiveCfg = Debug|Any CPU
		{FB325FE1-F328-4755-885F-E713BD7E7DAD}.Orange.Release|Any CPU.ActiveCfg = Release|Any CPU
		{FB325FE1-F328-4755-885F-E713BD7E7DAD}.Tangerine.Debug|Any CPU.ActiveCfg = Debug|Any CPU
		{FB325FE1-F328-4755-885F-E713BD7E7DAD}.Tangerine.Debug|Any CPU.Build.0 = Debug|Any CPU
		{FB325FE1-F328-4755-885F-E713BD7E7DAD}.Tangerine.Release|Any CPU.ActiveCfg = Release|Any CPU
		{FB325FE1-F328-4755-885F-E713BD7E7DAD}.Tangerine.Release|Any CPU.Build.0 = Release|Any CPU
		{BC6D9E62-E83E-4FD6-ACA3-F3A5EBD1F1E2}.Develop.Orange.Debug|Any CPU.ActiveCfg = Debug|Any CPU
		{BC6D9E62-E83E-4FD6-ACA3-F3A5EBD1F1E2}.Develop.Orange.Debug|Any CPU.Build.0 = Debug|Any CPU
		{BC6D9E62-E83E-4FD6-ACA3-F3A5EBD1F1E2}.Develop.Orange.Release|Any CPU.ActiveCfg = Release|Any CPU
		{BC6D9E62-E83E-4FD6-ACA3-F3A5EBD1F1E2}.Develop.Orange.Release|Any CPU.Build.0 = Release|Any CPU
		{BC6D9E62-E83E-4FD6-ACA3-F3A5EBD1F1E2}.Develop.Tangerine.Debug|Any CPU.ActiveCfg = Debug|Any CPU
		{BC6D9E62-E83E-4FD6-ACA3-F3A5EBD1F1E2}.Develop.Tangerine.Release|Any CPU.ActiveCfg = Release|Any CPU
		{BC6D9E62-E83E-4FD6-ACA3-F3A5EBD1F1E2}.Orange.Debug|Any CPU.ActiveCfg = Debug|Any CPU
		{BC6D9E62-E83E-4FD6-ACA3-F3A5EBD1F1E2}.Orange.Release|Any CPU.ActiveCfg = Release|Any CPU
		{BC6D9E62-E83E-4FD6-ACA3-F3A5EBD1F1E2}.Tangerine.Debug|Any CPU.ActiveCfg = Debug|Any CPU
		{BC6D9E62-E83E-4FD6-ACA3-F3A5EBD1F1E2}.Tangerine.Release|Any CPU.ActiveCfg = Release|Any CPU
	EndGlobalSection
	GlobalSection(SolutionProperties) = preSolution
		HideSolutionNode = FALSE
	EndGlobalSection
	GlobalSection(ExtensibilityGlobals) = postSolution
		SolutionGuid = {4FF58953-B2D0-4A15-AC54-6EB5018A6024}
	EndGlobalSection
EndGlobal
