
Microsoft Visual Studio Solution File, Format Version 12.00
# Visual Studio Version 16
VisualStudioVersion = 16.0.808.8
MinimumVisualStudioVersion = 10.0.40219.1
Project("{FAE04EC0-301F-11D3-BF4B-00C04F79EFBC}") = "CitrusPlugin.Mac", "CitrusPlugin.Mac.csproj", "{572720C1-120A-4227-9D24-F4A4479B64DC}"
EndProject
Project("{FAE04EC0-301F-11D3-BF4B-00C04F79EFBC}") = "Orange.Mac", "..\..\..\Orange\Orange.Mac.csproj", "{4B2BDD5A-2AAE-46AE-AA1A-8C9308BAA50D}"
EndProject
Project("{FAE04EC0-301F-11D3-BF4B-00C04F79EFBC}") = "Lime.Mac", "..\..\..\Lime\Lime.Mac.csproj", "{DC16EEBF-404D-4610-B87A-15B57464D707}"
EndProject
Project("{FAE04EC0-301F-11D3-BF4B-00C04F79EFBC}") = "Lemon.Mac", "..\..\..\Lemon\Lemon.Mac.csproj", "{BB697671-700C-455D-B8EE-66A6B122B949}"
EndProject
Project("{FAE04EC0-301F-11D3-BF4B-00C04F79EFBC}") = "Yuzu.Mac", "..\..\..\Yuzu\Yuzu.Mac.csproj", "{5F16D8E4-A0F1-4341-83A0-3897FC44EBB8}"
EndProject
Project("{FAE04EC0-301F-11D3-BF4B-00C04F79EFBC}") = "ShaderCompilerBinding.Mac", "..\..\..\3rdParty\ShaderCompilerBinding\ShaderCompilerBinding.Mac.csproj", "{94911E6A-53F9-4B86-9ADE-E3B510C810B9}"
EndProject
Project("{FAE04EC0-301F-11D3-BF4B-00C04F79EFBC}") = "MoltenVK", "..\..\..\3rdParty\MoltenVK\MoltenVK.csproj", "{25A88ABB-AC39-41AD-92EF-DD91341863C8}"
EndProject
Project("{FAE04EC0-301F-11D3-BF4B-00C04F79EFBC}") = "Kumquat.Mac", "..\..\..\Kumquat\Kumquat.Mac.csproj", "{56D2F029-2E73-4CF9-80C7-6175A9DBCFFE}"
EndProject
Project("{FAE04EC0-301F-11D3-BF4B-00C04F79EFBC}") = "DynamicFont.Mac", "..\..\..\Lime\Extensions\DynamicFont\DynamicFont.Mac.csproj", "{B5F74505-80BB-4373-B194-219D743C1FA0}"
EndProject
Project("{FAE04EC0-301F-11D3-BF4B-00C04F79EFBC}") = "EmptyProject.Types.Mac", "..\EmptyProject.Types\EmptyProject.Types.Mac.csproj", "{1EE9C6F3-E8D7-4FF8-9420-2B4C9CF9B66D}"
EndProject
Global
	GlobalSection(SolutionConfigurationPlatforms) = preSolution
		Debug|Any CPU = Debug|Any CPU
		Debug|x86 = Debug|x86
		Orange.Debug|Any CPU = Orange.Debug|Any CPU
		Orange.Debug|x86 = Orange.Debug|x86
		Orange.Release|Any CPU = Orange.Release|Any CPU
		Orange.Release|x86 = Orange.Release|x86
		Release|Any CPU = Release|Any CPU
		Release|x86 = Release|x86
		Tangerine.Debug|Any CPU = Tangerine.Debug|Any CPU
		Tangerine.Debug|x86 = Tangerine.Debug|x86
		Tangerine.Release|Any CPU = Tangerine.Release|Any CPU
		Tangerine.Release|x86 = Tangerine.Release|x86
	EndGlobalSection
	GlobalSection(ProjectConfigurationPlatforms) = postSolution
		{572720C1-120A-4227-9D24-F4A4479B64DC}.Debug|Any CPU.ActiveCfg = Debug|Any CPU
		{572720C1-120A-4227-9D24-F4A4479B64DC}.Debug|Any CPU.Build.0 = Debug|Any CPU
		{572720C1-120A-4227-9D24-F4A4479B64DC}.Debug|x86.ActiveCfg = Debug|Any CPU
		{572720C1-120A-4227-9D24-F4A4479B64DC}.Debug|x86.Build.0 = Debug|Any CPU
		{572720C1-120A-4227-9D24-F4A4479B64DC}.Orange.Debug|Any CPU.ActiveCfg = Orange.Debug|Any CPU
		{572720C1-120A-4227-9D24-F4A4479B64DC}.Orange.Debug|Any CPU.Build.0 = Orange.Debug|Any CPU
		{572720C1-120A-4227-9D24-F4A4479B64DC}.Orange.Debug|x86.ActiveCfg = Orange.Debug|Any CPU
		{572720C1-120A-4227-9D24-F4A4479B64DC}.Orange.Debug|x86.Build.0 = Orange.Debug|Any CPU
		{572720C1-120A-4227-9D24-F4A4479B64DC}.Orange.Release|Any CPU.ActiveCfg = Orange.Release|Any CPU
		{572720C1-120A-4227-9D24-F4A4479B64DC}.Orange.Release|Any CPU.Build.0 = Orange.Release|Any CPU
		{572720C1-120A-4227-9D24-F4A4479B64DC}.Orange.Release|x86.ActiveCfg = Orange.Release|Any CPU
		{572720C1-120A-4227-9D24-F4A4479B64DC}.Orange.Release|x86.Build.0 = Orange.Release|Any CPU
		{572720C1-120A-4227-9D24-F4A4479B64DC}.Release|Any CPU.ActiveCfg = Release|Any CPU
		{572720C1-120A-4227-9D24-F4A4479B64DC}.Release|Any CPU.Build.0 = Release|Any CPU
		{572720C1-120A-4227-9D24-F4A4479B64DC}.Release|x86.ActiveCfg = Release|Any CPU
		{572720C1-120A-4227-9D24-F4A4479B64DC}.Release|x86.Build.0 = Release|Any CPU
		{572720C1-120A-4227-9D24-F4A4479B64DC}.Tangerine.Debug|Any CPU.ActiveCfg = Tangerine.Debug|Any CPU
		{572720C1-120A-4227-9D24-F4A4479B64DC}.Tangerine.Debug|Any CPU.Build.0 = Tangerine.Debug|Any CPU
		{572720C1-120A-4227-9D24-F4A4479B64DC}.Tangerine.Debug|x86.ActiveCfg = Tangerine.Debug|Any CPU
		{572720C1-120A-4227-9D24-F4A4479B64DC}.Tangerine.Debug|x86.Build.0 = Tangerine.Debug|Any CPU
		{572720C1-120A-4227-9D24-F4A4479B64DC}.Tangerine.Release|Any CPU.ActiveCfg = Tangerine.Release|Any CPU
		{572720C1-120A-4227-9D24-F4A4479B64DC}.Tangerine.Release|Any CPU.Build.0 = Tangerine.Release|Any CPU
		{572720C1-120A-4227-9D24-F4A4479B64DC}.Tangerine.Release|x86.ActiveCfg = Tangerine.Release|Any CPU
		{572720C1-120A-4227-9D24-F4A4479B64DC}.Tangerine.Release|x86.Build.0 = Tangerine.Release|Any CPU
		{4B2BDD5A-2AAE-46AE-AA1A-8C9308BAA50D}.Debug|Any CPU.ActiveCfg = Debug|Any CPU
		{4B2BDD5A-2AAE-46AE-AA1A-8C9308BAA50D}.Debug|Any CPU.Build.0 = Debug|Any CPU
		{4B2BDD5A-2AAE-46AE-AA1A-8C9308BAA50D}.Debug|x86.ActiveCfg = Debug|x86
		{4B2BDD5A-2AAE-46AE-AA1A-8C9308BAA50D}.Debug|x86.Build.0 = Debug|x86
		{4B2BDD5A-2AAE-46AE-AA1A-8C9308BAA50D}.Orange.Debug|Any CPU.ActiveCfg = Debug|Any CPU
		{4B2BDD5A-2AAE-46AE-AA1A-8C9308BAA50D}.Orange.Debug|Any CPU.Build.0 = Debug|Any CPU
		{4B2BDD5A-2AAE-46AE-AA1A-8C9308BAA50D}.Orange.Debug|x86.ActiveCfg = Debug|x86
		{4B2BDD5A-2AAE-46AE-AA1A-8C9308BAA50D}.Orange.Debug|x86.Build.0 = Debug|x86
		{4B2BDD5A-2AAE-46AE-AA1A-8C9308BAA50D}.Orange.Release|Any CPU.ActiveCfg = Debug|Any CPU
		{4B2BDD5A-2AAE-46AE-AA1A-8C9308BAA50D}.Orange.Release|Any CPU.Build.0 = Debug|Any CPU
		{4B2BDD5A-2AAE-46AE-AA1A-8C9308BAA50D}.Orange.Release|x86.ActiveCfg = Release|x86
		{4B2BDD5A-2AAE-46AE-AA1A-8C9308BAA50D}.Orange.Release|x86.Build.0 = Release|x86
		{4B2BDD5A-2AAE-46AE-AA1A-8C9308BAA50D}.Release|Any CPU.ActiveCfg = Release|Any CPU
		{4B2BDD5A-2AAE-46AE-AA1A-8C9308BAA50D}.Release|Any CPU.Build.0 = Release|Any CPU
		{4B2BDD5A-2AAE-46AE-AA1A-8C9308BAA50D}.Release|x86.ActiveCfg = Release|x86
		{4B2BDD5A-2AAE-46AE-AA1A-8C9308BAA50D}.Release|x86.Build.0 = Release|x86
		{4B2BDD5A-2AAE-46AE-AA1A-8C9308BAA50D}.Tangerine.Debug|Any CPU.ActiveCfg = Debug.Tangerine|x86
		{4B2BDD5A-2AAE-46AE-AA1A-8C9308BAA50D}.Tangerine.Debug|Any CPU.Build.0 = Debug.Tangerine|x86
		{4B2BDD5A-2AAE-46AE-AA1A-8C9308BAA50D}.Tangerine.Debug|x86.ActiveCfg = Debug|x86
		{4B2BDD5A-2AAE-46AE-AA1A-8C9308BAA50D}.Tangerine.Debug|x86.Build.0 = Debug|x86
		{4B2BDD5A-2AAE-46AE-AA1A-8C9308BAA50D}.Tangerine.Release|Any CPU.ActiveCfg = Release.Tangerine|x86
		{4B2BDD5A-2AAE-46AE-AA1A-8C9308BAA50D}.Tangerine.Release|Any CPU.Build.0 = Release.Tangerine|x86
		{4B2BDD5A-2AAE-46AE-AA1A-8C9308BAA50D}.Tangerine.Release|x86.ActiveCfg = Release|x86
		{4B2BDD5A-2AAE-46AE-AA1A-8C9308BAA50D}.Tangerine.Release|x86.Build.0 = Release|x86
		{DC16EEBF-404D-4610-B87A-15B57464D707}.Debug|Any CPU.ActiveCfg = Debug|Any CPU
		{DC16EEBF-404D-4610-B87A-15B57464D707}.Debug|Any CPU.Build.0 = Debug|Any CPU
		{DC16EEBF-404D-4610-B87A-15B57464D707}.Debug|x86.ActiveCfg = Debug|Any CPU
		{DC16EEBF-404D-4610-B87A-15B57464D707}.Debug|x86.Build.0 = Debug|Any CPU
		{DC16EEBF-404D-4610-B87A-15B57464D707}.Orange.Debug|Any CPU.ActiveCfg = Debug|Any CPU
		{DC16EEBF-404D-4610-B87A-15B57464D707}.Orange.Debug|Any CPU.Build.0 = Debug|Any CPU
		{DC16EEBF-404D-4610-B87A-15B57464D707}.Orange.Debug|x86.ActiveCfg = Debug|Any CPU
		{DC16EEBF-404D-4610-B87A-15B57464D707}.Orange.Debug|x86.Build.0 = Debug|Any CPU
		{DC16EEBF-404D-4610-B87A-15B57464D707}.Orange.Release|Any CPU.ActiveCfg = Debug|Any CPU
		{DC16EEBF-404D-4610-B87A-15B57464D707}.Orange.Release|Any CPU.Build.0 = Debug|Any CPU
		{DC16EEBF-404D-4610-B87A-15B57464D707}.Orange.Release|x86.ActiveCfg = Release|Any CPU
		{DC16EEBF-404D-4610-B87A-15B57464D707}.Orange.Release|x86.Build.0 = Release|Any CPU
		{DC16EEBF-404D-4610-B87A-15B57464D707}.Release|Any CPU.ActiveCfg = Release|Any CPU
		{DC16EEBF-404D-4610-B87A-15B57464D707}.Release|Any CPU.Build.0 = Release|Any CPU
		{DC16EEBF-404D-4610-B87A-15B57464D707}.Release|x86.ActiveCfg = Release|Any CPU
		{DC16EEBF-404D-4610-B87A-15B57464D707}.Release|x86.Build.0 = Release|Any CPU
		{DC16EEBF-404D-4610-B87A-15B57464D707}.Tangerine.Debug|Any CPU.ActiveCfg = Debug.Tangerine|Any CPU
		{DC16EEBF-404D-4610-B87A-15B57464D707}.Tangerine.Debug|Any CPU.Build.0 = Debug.Tangerine|Any CPU
		{DC16EEBF-404D-4610-B87A-15B57464D707}.Tangerine.Debug|x86.ActiveCfg = Debug|Any CPU
		{DC16EEBF-404D-4610-B87A-15B57464D707}.Tangerine.Debug|x86.Build.0 = Debug|Any CPU
		{DC16EEBF-404D-4610-B87A-15B57464D707}.Tangerine.Release|Any CPU.ActiveCfg = Release.Tangerine|Any CPU
		{DC16EEBF-404D-4610-B87A-15B57464D707}.Tangerine.Release|Any CPU.Build.0 = Release.Tangerine|Any CPU
		{DC16EEBF-404D-4610-B87A-15B57464D707}.Tangerine.Release|x86.ActiveCfg = Release|Any CPU
		{DC16EEBF-404D-4610-B87A-15B57464D707}.Tangerine.Release|x86.Build.0 = Release|Any CPU
		{BB697671-700C-455D-B8EE-66A6B122B949}.Debug|Any CPU.ActiveCfg = Debug|Any CPU
		{BB697671-700C-455D-B8EE-66A6B122B949}.Debug|Any CPU.Build.0 = Debug|Any CPU
		{BB697671-700C-455D-B8EE-66A6B122B949}.Debug|x86.ActiveCfg = Debug|Any CPU
		{BB697671-700C-455D-B8EE-66A6B122B949}.Debug|x86.Build.0 = Debug|Any CPU
		{BB697671-700C-455D-B8EE-66A6B122B949}.Orange.Debug|Any CPU.ActiveCfg = Debug|Any CPU
		{BB697671-700C-455D-B8EE-66A6B122B949}.Orange.Debug|Any CPU.Build.0 = Debug|Any CPU
		{BB697671-700C-455D-B8EE-66A6B122B949}.Orange.Debug|x86.ActiveCfg = Debug|Any CPU
		{BB697671-700C-455D-B8EE-66A6B122B949}.Orange.Debug|x86.Build.0 = Debug|Any CPU
		{BB697671-700C-455D-B8EE-66A6B122B949}.Orange.Release|Any CPU.ActiveCfg = Debug|Any CPU
		{BB697671-700C-455D-B8EE-66A6B122B949}.Orange.Release|Any CPU.Build.0 = Debug|Any CPU
		{BB697671-700C-455D-B8EE-66A6B122B949}.Orange.Release|x86.ActiveCfg = Release|Any CPU
		{BB697671-700C-455D-B8EE-66A6B122B949}.Orange.Release|x86.Build.0 = Release|Any CPU
		{BB697671-700C-455D-B8EE-66A6B122B949}.Release|Any CPU.ActiveCfg = Release|Any CPU
		{BB697671-700C-455D-B8EE-66A6B122B949}.Release|Any CPU.Build.0 = Release|Any CPU
		{BB697671-700C-455D-B8EE-66A6B122B949}.Release|x86.ActiveCfg = Release|Any CPU
		{BB697671-700C-455D-B8EE-66A6B122B949}.Release|x86.Build.0 = Release|Any CPU
		{BB697671-700C-455D-B8EE-66A6B122B949}.Tangerine.Debug|Any CPU.ActiveCfg = Debug|Any CPU
		{BB697671-700C-455D-B8EE-66A6B122B949}.Tangerine.Debug|Any CPU.Build.0 = Debug|Any CPU
		{BB697671-700C-455D-B8EE-66A6B122B949}.Tangerine.Debug|x86.ActiveCfg = Debug|Any CPU
		{BB697671-700C-455D-B8EE-66A6B122B949}.Tangerine.Debug|x86.Build.0 = Debug|Any CPU
		{BB697671-700C-455D-B8EE-66A6B122B949}.Tangerine.Release|Any CPU.ActiveCfg = Release|Any CPU
		{BB697671-700C-455D-B8EE-66A6B122B949}.Tangerine.Release|Any CPU.Build.0 = Release|Any CPU
		{BB697671-700C-455D-B8EE-66A6B122B949}.Tangerine.Release|x86.ActiveCfg = Release|Any CPU
		{BB697671-700C-455D-B8EE-66A6B122B949}.Tangerine.Release|x86.Build.0 = Release|Any CPU
		{5F16D8E4-A0F1-4341-83A0-3897FC44EBB8}.Debug|Any CPU.ActiveCfg = Debug|Any CPU
		{5F16D8E4-A0F1-4341-83A0-3897FC44EBB8}.Debug|Any CPU.Build.0 = Debug|Any CPU
		{5F16D8E4-A0F1-4341-83A0-3897FC44EBB8}.Debug|x86.ActiveCfg = Debug|Any CPU
		{5F16D8E4-A0F1-4341-83A0-3897FC44EBB8}.Debug|x86.Build.0 = Debug|Any CPU
		{5F16D8E4-A0F1-4341-83A0-3897FC44EBB8}.Orange.Debug|Any CPU.ActiveCfg = Debug|Any CPU
		{5F16D8E4-A0F1-4341-83A0-3897FC44EBB8}.Orange.Debug|Any CPU.Build.0 = Debug|Any CPU
		{5F16D8E4-A0F1-4341-83A0-3897FC44EBB8}.Orange.Debug|x86.ActiveCfg = Debug|Any CPU
		{5F16D8E4-A0F1-4341-83A0-3897FC44EBB8}.Orange.Debug|x86.Build.0 = Debug|Any CPU
		{5F16D8E4-A0F1-4341-83A0-3897FC44EBB8}.Orange.Release|Any CPU.ActiveCfg = Debug|Any CPU
		{5F16D8E4-A0F1-4341-83A0-3897FC44EBB8}.Orange.Release|Any CPU.Build.0 = Debug|Any CPU
		{5F16D8E4-A0F1-4341-83A0-3897FC44EBB8}.Orange.Release|x86.ActiveCfg = Release|Any CPU
		{5F16D8E4-A0F1-4341-83A0-3897FC44EBB8}.Orange.Release|x86.Build.0 = Release|Any CPU
		{5F16D8E4-A0F1-4341-83A0-3897FC44EBB8}.Release|Any CPU.ActiveCfg = Release|Any CPU
		{5F16D8E4-A0F1-4341-83A0-3897FC44EBB8}.Release|Any CPU.Build.0 = Release|Any CPU
		{5F16D8E4-A0F1-4341-83A0-3897FC44EBB8}.Release|x86.ActiveCfg = Release|Any CPU
		{5F16D8E4-A0F1-4341-83A0-3897FC44EBB8}.Release|x86.Build.0 = Release|Any CPU
		{5F16D8E4-A0F1-4341-83A0-3897FC44EBB8}.Tangerine.Debug|Any CPU.ActiveCfg = Debug|Any CPU
		{5F16D8E4-A0F1-4341-83A0-3897FC44EBB8}.Tangerine.Debug|Any CPU.Build.0 = Debug|Any CPU
		{5F16D8E4-A0F1-4341-83A0-3897FC44EBB8}.Tangerine.Debug|x86.ActiveCfg = Debug|Any CPU
		{5F16D8E4-A0F1-4341-83A0-3897FC44EBB8}.Tangerine.Debug|x86.Build.0 = Debug|Any CPU
		{5F16D8E4-A0F1-4341-83A0-3897FC44EBB8}.Tangerine.Release|Any CPU.ActiveCfg = Release|Any CPU
		{5F16D8E4-A0F1-4341-83A0-3897FC44EBB8}.Tangerine.Release|Any CPU.Build.0 = Release|Any CPU
		{5F16D8E4-A0F1-4341-83A0-3897FC44EBB8}.Tangerine.Release|x86.ActiveCfg = Release|Any CPU
		{5F16D8E4-A0F1-4341-83A0-3897FC44EBB8}.Tangerine.Release|x86.Build.0 = Release|Any CPU
		{94911E6A-53F9-4B86-9ADE-E3B510C810B9}.Debug|Any CPU.ActiveCfg = Debug|Any CPU
		{94911E6A-53F9-4B86-9ADE-E3B510C810B9}.Debug|Any CPU.Build.0 = Debug|Any CPU
		{94911E6A-53F9-4B86-9ADE-E3B510C810B9}.Debug|x86.ActiveCfg = Debug|Any CPU
		{94911E6A-53F9-4B86-9ADE-E3B510C810B9}.Debug|x86.Build.0 = Debug|Any CPU
		{94911E6A-53F9-4B86-9ADE-E3B510C810B9}.Orange.Debug|Any CPU.ActiveCfg = Debug|Any CPU
		{94911E6A-53F9-4B86-9ADE-E3B510C810B9}.Orange.Debug|Any CPU.Build.0 = Debug|Any CPU
		{94911E6A-53F9-4B86-9ADE-E3B510C810B9}.Orange.Debug|x86.ActiveCfg = Debug|Any CPU
		{94911E6A-53F9-4B86-9ADE-E3B510C810B9}.Orange.Debug|x86.Build.0 = Debug|Any CPU
		{94911E6A-53F9-4B86-9ADE-E3B510C810B9}.Orange.Release|Any CPU.ActiveCfg = Debug|Any CPU
		{94911E6A-53F9-4B86-9ADE-E3B510C810B9}.Orange.Release|Any CPU.Build.0 = Debug|Any CPU
		{94911E6A-53F9-4B86-9ADE-E3B510C810B9}.Orange.Release|x86.ActiveCfg = Release|Any CPU
		{94911E6A-53F9-4B86-9ADE-E3B510C810B9}.Orange.Release|x86.Build.0 = Release|Any CPU
		{94911E6A-53F9-4B86-9ADE-E3B510C810B9}.Release|Any CPU.ActiveCfg = Release|Any CPU
		{94911E6A-53F9-4B86-9ADE-E3B510C810B9}.Release|Any CPU.Build.0 = Release|Any CPU
		{94911E6A-53F9-4B86-9ADE-E3B510C810B9}.Release|x86.ActiveCfg = Release|Any CPU
		{94911E6A-53F9-4B86-9ADE-E3B510C810B9}.Release|x86.Build.0 = Release|Any CPU
		{94911E6A-53F9-4B86-9ADE-E3B510C810B9}.Tangerine.Debug|Any CPU.ActiveCfg = Debug|Any CPU
		{94911E6A-53F9-4B86-9ADE-E3B510C810B9}.Tangerine.Debug|Any CPU.Build.0 = Debug|Any CPU
		{94911E6A-53F9-4B86-9ADE-E3B510C810B9}.Tangerine.Debug|x86.ActiveCfg = Debug|Any CPU
		{94911E6A-53F9-4B86-9ADE-E3B510C810B9}.Tangerine.Debug|x86.Build.0 = Debug|Any CPU
		{94911E6A-53F9-4B86-9ADE-E3B510C810B9}.Tangerine.Release|Any CPU.ActiveCfg = Release|Any CPU
		{94911E6A-53F9-4B86-9ADE-E3B510C810B9}.Tangerine.Release|Any CPU.Build.0 = Release|Any CPU
		{94911E6A-53F9-4B86-9ADE-E3B510C810B9}.Tangerine.Release|x86.ActiveCfg = Release|Any CPU
		{94911E6A-53F9-4B86-9ADE-E3B510C810B9}.Tangerine.Release|x86.Build.0 = Release|Any CPU
		{25A88ABB-AC39-41AD-92EF-DD91341863C8}.Debug|Any CPU.ActiveCfg = Debug|Any CPU
		{25A88ABB-AC39-41AD-92EF-DD91341863C8}.Debug|Any CPU.Build.0 = Debug|Any CPU
		{25A88ABB-AC39-41AD-92EF-DD91341863C8}.Debug|x86.ActiveCfg = Debug|Any CPU
		{25A88ABB-AC39-41AD-92EF-DD91341863C8}.Debug|x86.Build.0 = Debug|Any CPU
		{25A88ABB-AC39-41AD-92EF-DD91341863C8}.Orange.Debug|Any CPU.ActiveCfg = Debug|Any CPU
		{25A88ABB-AC39-41AD-92EF-DD91341863C8}.Orange.Debug|Any CPU.Build.0 = Debug|Any CPU
		{25A88ABB-AC39-41AD-92EF-DD91341863C8}.Orange.Debug|x86.ActiveCfg = Debug|Any CPU
		{25A88ABB-AC39-41AD-92EF-DD91341863C8}.Orange.Debug|x86.Build.0 = Debug|Any CPU
		{25A88ABB-AC39-41AD-92EF-DD91341863C8}.Orange.Release|Any CPU.ActiveCfg = Debug|Any CPU
		{25A88ABB-AC39-41AD-92EF-DD91341863C8}.Orange.Release|Any CPU.Build.0 = Debug|Any CPU
		{25A88ABB-AC39-41AD-92EF-DD91341863C8}.Orange.Release|x86.ActiveCfg = Release|Any CPU
		{25A88ABB-AC39-41AD-92EF-DD91341863C8}.Orange.Release|x86.Build.0 = Release|Any CPU
		{25A88ABB-AC39-41AD-92EF-DD91341863C8}.Release|Any CPU.ActiveCfg = Release|Any CPU
		{25A88ABB-AC39-41AD-92EF-DD91341863C8}.Release|Any CPU.Build.0 = Release|Any CPU
		{25A88ABB-AC39-41AD-92EF-DD91341863C8}.Release|x86.ActiveCfg = Release|Any CPU
		{25A88ABB-AC39-41AD-92EF-DD91341863C8}.Release|x86.Build.0 = Release|Any CPU
		{25A88ABB-AC39-41AD-92EF-DD91341863C8}.Tangerine.Debug|Any CPU.ActiveCfg = Debug|Any CPU
		{25A88ABB-AC39-41AD-92EF-DD91341863C8}.Tangerine.Debug|Any CPU.Build.0 = Debug|Any CPU
		{25A88ABB-AC39-41AD-92EF-DD91341863C8}.Tangerine.Debug|x86.ActiveCfg = Debug|Any CPU
		{25A88ABB-AC39-41AD-92EF-DD91341863C8}.Tangerine.Debug|x86.Build.0 = Debug|Any CPU
		{25A88ABB-AC39-41AD-92EF-DD91341863C8}.Tangerine.Release|Any CPU.ActiveCfg = Release|Any CPU
		{25A88ABB-AC39-41AD-92EF-DD91341863C8}.Tangerine.Release|Any CPU.Build.0 = Release|Any CPU
		{25A88ABB-AC39-41AD-92EF-DD91341863C8}.Tangerine.Release|x86.ActiveCfg = Release|Any CPU
		{25A88ABB-AC39-41AD-92EF-DD91341863C8}.Tangerine.Release|x86.Build.0 = Release|Any CPU
		{56D2F029-2E73-4CF9-80C7-6175A9DBCFFE}.Debug|Any CPU.ActiveCfg = Debug|Any CPU
		{56D2F029-2E73-4CF9-80C7-6175A9DBCFFE}.Debug|Any CPU.Build.0 = Debug|Any CPU
		{56D2F029-2E73-4CF9-80C7-6175A9DBCFFE}.Debug|x86.ActiveCfg = Debug|Any CPU
		{56D2F029-2E73-4CF9-80C7-6175A9DBCFFE}.Debug|x86.Build.0 = Debug|Any CPU
		{56D2F029-2E73-4CF9-80C7-6175A9DBCFFE}.Orange.Debug|Any CPU.ActiveCfg = Debug|Any CPU
		{56D2F029-2E73-4CF9-80C7-6175A9DBCFFE}.Orange.Debug|Any CPU.Build.0 = Debug|Any CPU
		{56D2F029-2E73-4CF9-80C7-6175A9DBCFFE}.Orange.Debug|x86.ActiveCfg = Debug|Any CPU
		{56D2F029-2E73-4CF9-80C7-6175A9DBCFFE}.Orange.Debug|x86.Build.0 = Debug|Any CPU
		{56D2F029-2E73-4CF9-80C7-6175A9DBCFFE}.Orange.Release|Any CPU.ActiveCfg = Debug|Any CPU
		{56D2F029-2E73-4CF9-80C7-6175A9DBCFFE}.Orange.Release|Any CPU.Build.0 = Debug|Any CPU
		{56D2F029-2E73-4CF9-80C7-6175A9DBCFFE}.Orange.Release|x86.ActiveCfg = Release|Any CPU
		{56D2F029-2E73-4CF9-80C7-6175A9DBCFFE}.Orange.Release|x86.Build.0 = Release|Any CPU
		{56D2F029-2E73-4CF9-80C7-6175A9DBCFFE}.Release|Any CPU.ActiveCfg = Release|Any CPU
		{56D2F029-2E73-4CF9-80C7-6175A9DBCFFE}.Release|Any CPU.Build.0 = Release|Any CPU
		{56D2F029-2E73-4CF9-80C7-6175A9DBCFFE}.Release|x86.ActiveCfg = Release|Any CPU
		{56D2F029-2E73-4CF9-80C7-6175A9DBCFFE}.Release|x86.Build.0 = Release|Any CPU
		{56D2F029-2E73-4CF9-80C7-6175A9DBCFFE}.Tangerine.Debug|Any CPU.ActiveCfg = Debug|Any CPU
		{56D2F029-2E73-4CF9-80C7-6175A9DBCFFE}.Tangerine.Debug|Any CPU.Build.0 = Debug|Any CPU
		{56D2F029-2E73-4CF9-80C7-6175A9DBCFFE}.Tangerine.Debug|x86.ActiveCfg = Debug|Any CPU
		{56D2F029-2E73-4CF9-80C7-6175A9DBCFFE}.Tangerine.Debug|x86.Build.0 = Debug|Any CPU
		{56D2F029-2E73-4CF9-80C7-6175A9DBCFFE}.Tangerine.Release|Any CPU.ActiveCfg = Release|Any CPU
		{56D2F029-2E73-4CF9-80C7-6175A9DBCFFE}.Tangerine.Release|Any CPU.Build.0 = Release|Any CPU
		{56D2F029-2E73-4CF9-80C7-6175A9DBCFFE}.Tangerine.Release|x86.ActiveCfg = Release|Any CPU
		{56D2F029-2E73-4CF9-80C7-6175A9DBCFFE}.Tangerine.Release|x86.Build.0 = Release|Any CPU
		{B5F74505-80BB-4373-B194-219D743C1FA0}.Debug|Any CPU.ActiveCfg = Debug|Any CPU
		{B5F74505-80BB-4373-B194-219D743C1FA0}.Debug|Any CPU.Build.0 = Debug|Any CPU
		{B5F74505-80BB-4373-B194-219D743C1FA0}.Debug|x86.ActiveCfg = Debug|Any CPU
		{B5F74505-80BB-4373-B194-219D743C1FA0}.Debug|x86.Build.0 = Debug|Any CPU
		{B5F74505-80BB-4373-B194-219D743C1FA0}.Orange.Debug|Any CPU.ActiveCfg = Debug|Any CPU
		{B5F74505-80BB-4373-B194-219D743C1FA0}.Orange.Debug|Any CPU.Build.0 = Debug|Any CPU
		{B5F74505-80BB-4373-B194-219D743C1FA0}.Orange.Debug|x86.ActiveCfg = Debug|Any CPU
		{B5F74505-80BB-4373-B194-219D743C1FA0}.Orange.Debug|x86.Build.0 = Debug|Any CPU
		{B5F74505-80BB-4373-B194-219D743C1FA0}.Orange.Release|Any CPU.ActiveCfg = Debug|Any CPU
		{B5F74505-80BB-4373-B194-219D743C1FA0}.Orange.Release|Any CPU.Build.0 = Debug|Any CPU
		{B5F74505-80BB-4373-B194-219D743C1FA0}.Orange.Release|x86.ActiveCfg = Release|Any CPU
		{B5F74505-80BB-4373-B194-219D743C1FA0}.Orange.Release|x86.Build.0 = Release|Any CPU
		{B5F74505-80BB-4373-B194-219D743C1FA0}.Release|Any CPU.ActiveCfg = Release|Any CPU
		{B5F74505-80BB-4373-B194-219D743C1FA0}.Release|Any CPU.Build.0 = Release|Any CPU
		{B5F74505-80BB-4373-B194-219D743C1FA0}.Release|x86.ActiveCfg = Release|Any CPU
		{B5F74505-80BB-4373-B194-219D743C1FA0}.Release|x86.Build.0 = Release|Any CPU
		{B5F74505-80BB-4373-B194-219D743C1FA0}.Tangerine.Debug|Any CPU.ActiveCfg = Debug|Any CPU
		{B5F74505-80BB-4373-B194-219D743C1FA0}.Tangerine.Debug|Any CPU.Build.0 = Debug|Any CPU
		{B5F74505-80BB-4373-B194-219D743C1FA0}.Tangerine.Debug|x86.ActiveCfg = Debug|Any CPU
		{B5F74505-80BB-4373-B194-219D743C1FA0}.Tangerine.Debug|x86.Build.0 = Debug|Any CPU
		{B5F74505-80BB-4373-B194-219D743C1FA0}.Tangerine.Release|Any CPU.ActiveCfg = Release|Any CPU
		{B5F74505-80BB-4373-B194-219D743C1FA0}.Tangerine.Release|Any CPU.Build.0 = Release|Any CPU
		{B5F74505-80BB-4373-B194-219D743C1FA0}.Tangerine.Release|x86.ActiveCfg = Release|Any CPU
		{B5F74505-80BB-4373-B194-219D743C1FA0}.Tangerine.Release|x86.Build.0 = Release|Any CPU
		{1EE9C6F3-E8D7-4FF8-9420-2B4C9CF9B66D}.Debug|Any CPU.ActiveCfg = Debug|Any CPU
		{1EE9C6F3-E8D7-4FF8-9420-2B4C9CF9B66D}.Debug|Any CPU.Build.0 = Debug|Any CPU
		{1EE9C6F3-E8D7-4FF8-9420-2B4C9CF9B66D}.Debug|x86.ActiveCfg = Debug|Any CPU
		{1EE9C6F3-E8D7-4FF8-9420-2B4C9CF9B66D}.Debug|x86.Build.0 = Debug|Any CPU
		{1EE9C6F3-E8D7-4FF8-9420-2B4C9CF9B66D}.Orange.Debug|Any CPU.ActiveCfg = Orange.Debug|Any CPU
		{1EE9C6F3-E8D7-4FF8-9420-2B4C9CF9B66D}.Orange.Debug|Any CPU.Build.0 = Orange.Debug|Any CPU
		{1EE9C6F3-E8D7-4FF8-9420-2B4C9CF9B66D}.Orange.Debug|x86.ActiveCfg = Debug|Any CPU
		{1EE9C6F3-E8D7-4FF8-9420-2B4C9CF9B66D}.Orange.Debug|x86.Build.0 = Debug|Any CPU
		{1EE9C6F3-E8D7-4FF8-9420-2B4C9CF9B66D}.Orange.Release|Any CPU.ActiveCfg = Orange.Release|Any CPU
		{1EE9C6F3-E8D7-4FF8-9420-2B4C9CF9B66D}.Orange.Release|Any CPU.Build.0 = Orange.Release|Any CPU
		{1EE9C6F3-E8D7-4FF8-9420-2B4C9CF9B66D}.Orange.Release|x86.ActiveCfg = Release|Any CPU
		{1EE9C6F3-E8D7-4FF8-9420-2B4C9CF9B66D}.Orange.Release|x86.Build.0 = Release|Any CPU
		{1EE9C6F3-E8D7-4FF8-9420-2B4C9CF9B66D}.Release|Any CPU.ActiveCfg = Release|Any CPU
		{1EE9C6F3-E8D7-4FF8-9420-2B4C9CF9B66D}.Release|Any CPU.Build.0 = Release|Any CPU
		{1EE9C6F3-E8D7-4FF8-9420-2B4C9CF9B66D}.Release|x86.ActiveCfg = Release|Any CPU
		{1EE9C6F3-E8D7-4FF8-9420-2B4C9CF9B66D}.Release|x86.Build.0 = Release|Any CPU
		{1EE9C6F3-E8D7-4FF8-9420-2B4C9CF9B66D}.Tangerine.Debug|Any CPU.ActiveCfg = Tangerine.Debug|Any CPU
		{1EE9C6F3-E8D7-4FF8-9420-2B4C9CF9B66D}.Tangerine.Debug|Any CPU.Build.0 = Tangerine.Debug|Any CPU
		{1EE9C6F3-E8D7-4FF8-9420-2B4C9CF9B66D}.Tangerine.Debug|x86.ActiveCfg = Debug|Any CPU
		{1EE9C6F3-E8D7-4FF8-9420-2B4C9CF9B66D}.Tangerine.Debug|x86.Build.0 = Debug|Any CPU
		{1EE9C6F3-E8D7-4FF8-9420-2B4C9CF9B66D}.Tangerine.Release|Any CPU.ActiveCfg = Tangerine.Release|Any CPU
		{1EE9C6F3-E8D7-4FF8-9420-2B4C9CF9B66D}.Tangerine.Release|Any CPU.Build.0 = Tangerine.Release|Any CPU
		{1EE9C6F3-E8D7-4FF8-9420-2B4C9CF9B66D}.Tangerine.Release|x86.ActiveCfg = Release|Any CPU
		{1EE9C6F3-E8D7-4FF8-9420-2B4C9CF9B66D}.Tangerine.Release|x86.Build.0 = Release|Any CPU
	EndGlobalSection
	GlobalSection(SolutionProperties) = preSolution
		HideSolutionNode = FALSE
	EndGlobalSection
	GlobalSection(ExtensibilityGlobals) = postSolution
		SolutionGuid = {4FF58953-B2D0-4A15-AC54-6EB5018A6024}
	EndGlobalSection
EndGlobal
