
Microsoft Visual Studio Solution File, Format Version 12.00
# Visual Studio Version 16
VisualStudioVersion = 16.0.30717.126
MinimumVisualStudioVersion = 10.0.40219.1
Project("{FAE04EC0-301F-11D3-BF4B-00C04F79EFBC}") = "Orange.Win.GUI", "Orange.GUI\Orange.Win.GUI.csproj", "{D95BDCE1-EA8F-4544-AFCE-E72C01A1D3A0}"
EndProject
Project("{FAE04EC0-301F-11D3-BF4B-00C04F79EFBC}") = "Yuzu", "..\Yuzu\Yuzu.csproj", "{DDD2DFE9-CED2-4CEA-ADF0-5A6865865A46}"
EndProject
Project("{9A19103F-16F7-4668-BE54-9A1E7A4F7556}") = "Lime.Win", "..\Lime\Lime.Win.csproj", "{1972CCED-52A7-4289-B425-86930FF0B05C}"
EndProject
Project("{9A19103F-16F7-4668-BE54-9A1E7A4F7556}") = "Lemon.Win", "..\Lemon\Lemon.Win.csproj", "{03217AF4-CAE8-4933-8939-2CE84F1B46F1}"
EndProject
Project("{9A19103F-16F7-4668-BE54-9A1E7A4F7556}") = "DynamicFont.Win", "..\Lime\Extensions\DynamicFont\DynamicFont.Win.csproj", "{232FB6AF-5C2C-41C3-8003-6BC63280A990}"
EndProject
Project("{9A19103F-16F7-4668-BE54-9A1E7A4F7556}") = "Kumquat.Win", "..\Kumquat\Kumquat.Win.csproj", "{15FA5AB9-B1D9-422E-BCAF-F9EC72B25DC2}"
EndProject
Project("{9A19103F-16F7-4668-BE54-9A1E7A4F7556}") = "Orange.Win", "Orange.Win.csproj", "{B8FB0C10-65FD-4B0D-8D25-B9A9CC573543}"
EndProject
Project("{FAE04EC0-301F-11D3-BF4B-00C04F79EFBC}") = "Orange.Win.CLI", "Orange.CLI\Orange.Win.CLI.csproj", "{459FF536-CCBA-4A0A-AA24-09D41E2FAF54}"
EndProject
Global
	GlobalSection(SolutionConfigurationPlatforms) = preSolution
		Debug|Any CPU = Debug|Any CPU
		Release|Any CPU = Release|Any CPU
	EndGlobalSection
	GlobalSection(ProjectConfigurationPlatforms) = postSolution
		{DDD2DFE9-CED2-4CEA-ADF0-5A6865865A46}.Debug|Any CPU.ActiveCfg = Debug|Any CPU
		{DDD2DFE9-CED2-4CEA-ADF0-5A6865865A46}.Debug|Any CPU.Build.0 = Debug|Any CPU
		{DDD2DFE9-CED2-4CEA-ADF0-5A6865865A46}.Release|Any CPU.ActiveCfg = Release|Any CPU
		{DDD2DFE9-CED2-4CEA-ADF0-5A6865865A46}.Release|Any CPU.Build.0 = Release|Any CPU
		{1972CCED-52A7-4289-B425-86930FF0B05C}.Debug|Any CPU.ActiveCfg = Debug|Any CPU
		{1972CCED-52A7-4289-B425-86930FF0B05C}.Debug|Any CPU.Build.0 = Debug|Any CPU
		{1972CCED-52A7-4289-B425-86930FF0B05C}.Release|Any CPU.ActiveCfg = Release|Any CPU
		{1972CCED-52A7-4289-B425-86930FF0B05C}.Release|Any CPU.Build.0 = Release|Any CPU
		{03217AF4-CAE8-4933-8939-2CE84F1B46F1}.Debug|Any CPU.ActiveCfg = Debug|Any CPU
		{03217AF4-CAE8-4933-8939-2CE84F1B46F1}.Debug|Any CPU.Build.0 = Debug|Any CPU
		{03217AF4-CAE8-4933-8939-2CE84F1B46F1}.Release|Any CPU.ActiveCfg = Release|Any CPU
		{03217AF4-CAE8-4933-8939-2CE84F1B46F1}.Release|Any CPU.Build.0 = Release|Any CPU
		{232FB6AF-5C2C-41C3-8003-6BC63280A990}.Debug|Any CPU.ActiveCfg = Debug|Any CPU
		{232FB6AF-5C2C-41C3-8003-6BC63280A990}.Debug|Any CPU.Build.0 = Debug|Any CPU
		{232FB6AF-5C2C-41C3-8003-6BC63280A990}.Release|Any CPU.ActiveCfg = Release|Any CPU
		{232FB6AF-5C2C-41C3-8003-6BC63280A990}.Release|Any CPU.Build.0 = Release|Any CPU
		{15FA5AB9-B1D9-422E-BCAF-F9EC72B25DC2}.Debug|Any CPU.ActiveCfg = Debug|Any CPU
		{15FA5AB9-B1D9-422E-BCAF-F9EC72B25DC2}.Debug|Any CPU.Build.0 = Debug|Any CPU
		{15FA5AB9-B1D9-422E-BCAF-F9EC72B25DC2}.Release|Any CPU.ActiveCfg = Release|Any CPU
		{15FA5AB9-B1D9-422E-BCAF-F9EC72B25DC2}.Release|Any CPU.Build.0 = Release|Any CPU
		{B8FB0C10-65FD-4B0D-8D25-B9A9CC573543}.Debug|Any CPU.ActiveCfg = Debug|Any CPU
		{B8FB0C10-65FD-4B0D-8D25-B9A9CC573543}.Debug|Any CPU.Build.0 = Debug|Any CPU
		{B8FB0C10-65FD-4B0D-8D25-B9A9CC573543}.Release|Any CPU.ActiveCfg = Release|Any CPU
		{B8FB0C10-65FD-4B0D-8D25-B9A9CC573543}.Release|Any CPU.Build.0 = Release|Any CPU
		{459FF536-CCBA-4A0A-AA24-09D41E2FAF54}.Debug|Any CPU.ActiveCfg = Debug|Any CPU
		{459FF536-CCBA-4A0A-AA24-09D41E2FAF54}.Debug|Any CPU.Build.0 = Debug|Any CPU
		{459FF536-CCBA-4A0A-AA24-09D41E2FAF54}.Release|Any CPU.ActiveCfg = Release|Any CPU
		{459FF536-CCBA-4A0A-AA24-09D41E2FAF54}.Release|Any CPU.Build.0 = Release|Any CPU
		{D95BDCE1-EA8F-4544-AFCE-E72C01A1D3A0}.Debug|Any CPU.ActiveCfg = Debug|Any CPU
		{D95BDCE1-EA8F-4544-AFCE-E72C01A1D3A0}.Debug|Any CPU.Build.0 = Debug|Any CPU
		{D95BDCE1-EA8F-4544-AFCE-E72C01A1D3A0}.Release|Any CPU.ActiveCfg = Release|Any CPU
		{D95BDCE1-EA8F-4544-AFCE-E72C01A1D3A0}.Release|Any CPU.Build.0 = Release|Any CPU
	EndGlobalSection
	GlobalSection(SolutionProperties) = preSolution
		HideSolutionNode = FALSE
	EndGlobalSection
	GlobalSection(ExtensibilityGlobals) = postSolution
		SolutionGuid = {32FBFF91-4209-47B4-B390-50378D100B0B}
	EndGlobalSection
EndGlobal
